PODS:
  - CLImageEditor/AllTools (0.2.4):
    - CLImageEditor/Core
    - CLImageEditor/EmoticonTool
    - CLImageEditor/ResizeTool
    - CLImageEditor/SplashTool
    - CLImageEditor/StickerTool
    - CLImageEditor/TextTool
  - CLImageEditor/Core (0.2.4)
  - CLImageEditor/EmoticonTool (0.2.4):
    - CLImageEditor/Core
  - CLImageEditor/ResizeTool (0.2.4):
    - CLImageEditor/Core
  - CLImageEditor/SplashTool (0.2.4):
    - CLImageEditor/Core
  - CLImageEditor/StickerTool (0.2.4):
    - CLImageEditor/Core
  - CLImageEditor/TextTool (0.2.4):
    - CLImageEditor/Core
  - RxCocoa (6.5.0):
    - RxRelay (= 6.5.0)
    - RxSwift (= 6.5.0)
  - RxRelay (6.5.0):
    - RxSwift (= 6.5.0)
  - RxSwift (6.5.0)
  - SwiftGen (6.6.2)

DEPENDENCIES:
  - CLImageEditor/AllTools
  - RxCocoa
  - RxSwift
  - SwiftGen (~> 6.0)

SPEC REPOS:
  trunk:
    - CLImageEditor
    - RxCocoa
    - RxRelay
    - RxSwift
    - SwiftGen

SPEC CHECKSUMS:
  CLImageEditor: dc3e5358f641368da3a76fc1c744a4c2ceb270ad
  RxCocoa: 94f817b71c07517321eb4f9ad299112ca8af743b
  RxRelay: 1de1523e604c72b6c68feadedd1af3b1b4d0ecbd
  RxSwift: 5710a9e6b17f3c3d6e40d6e559b9fa1e813b2ef8
  SwiftGen: 1366a7f71aeef49954ca5a63ba4bef6b0f24138c

PODFILE CHECKSUM: e32a2ca7eddd6cea89b7abfe718440e0dbb7b3c3

COCOAPODS: 1.11.3
