// !$*UTF8*$!
{
	archiveVersion = 1;
	classes = {
	};
	objectVersion = 56;
	objects = {

/* Begin PBXBuildFile section */
		1E3E3D512A67D6E500DB681F /* DesignableButton.swift in Sources */ = {isa = PBXBuildFile; fileRef = 1E3E3D502A67D6E500DB681F /* DesignableButton.swift */; };
		1E514EDE2AAEDF2400C9CB9A /* DesignableView.swift in Sources */ = {isa = PBXBuildFile; fileRef = 1E514EDD2AAEDF2400C9CB9A /* DesignableView.swift */; };
		1E62EE682AD7AABB0031CB1B /* HomeCollectionViewCell.swift in Sources */ = {isa = PBXBuildFile; fileRef = 1E62EE662AD7AABB0031CB1B /* HomeCollectionViewCell.swift */; };
		1E62EE692AD7AABB0031CB1B /* HomeCollectionViewCell.xib in Resources */ = {isa = PBXBuildFile; fileRef = 1E62EE672AD7AABB0031CB1B /* HomeCollectionViewCell.xib */; };
		1EC0E5312AB2A968003DA972 /* DesignableTextField.swift in Sources */ = {isa = PBXBuildFile; fileRef = 1EC0E52E2AB2A967003DA972 /* DesignableTextField.swift */; };
		1EC0E5322AB2A968003DA972 /* DesignableLabel.swift in Sources */ = {isa = PBXBuildFile; fileRef = 1EC0E52F2AB2A968003DA972 /* DesignableLabel.swift */; };
		1EC0E5332AB2A968003DA972 /* DesignableImageView.swift in Sources */ = {isa = PBXBuildFile; fileRef = 1EC0E5302AB2A968003DA972 /* DesignableImageView.swift */; };
		1EF7E6302ADE49ED0032015B /* PressableMaterialButton.swift in Sources */ = {isa = PBXBuildFile; fileRef = 1EF7E62F2ADE49ED0032015B /* PressableMaterialButton.swift */; };
		400A9BD32B4523050086914E /* Pokemon.swift in Sources */ = {isa = PBXBuildFile; fileRef = 400A9BD22B4523050086914E /* Pokemon.swift */; };
		4011E8C22A4D9B6F003F06BF /* AppDelegate.swift in Sources */ = {isa = PBXBuildFile; fileRef = 4011E8C12A4D9B6F003F06BF /* AppDelegate.swift */; };
		4011E8C42A4D9B6F003F06BF /* SceneDelegate.swift in Sources */ = {isa = PBXBuildFile; fileRef = 4011E8C32A4D9B6F003F06BF /* SceneDelegate.swift */; };
		4011E8CB2A4D9B70003F06BF /* Assets.xcassets in Resources */ = {isa = PBXBuildFile; fileRef = 4011E8CA2A4D9B70003F06BF /* Assets.xcassets */; };
		4011E8CE2A4D9B70003F06BF /* LaunchScreen.storyboard in Resources */ = {isa = PBXBuildFile; fileRef = 4011E8CC2A4D9B70003F06BF /* LaunchScreen.storyboard */; };
		4011E8D72A4D9B81003F06BF /* HomeViewController.swift in Sources */ = {isa = PBXBuildFile; fileRef = 4011E8D52A4D9B81003F06BF /* HomeViewController.swift */; };
		4011E8D82A4D9B81003F06BF /* HomeViewController.xib in Resources */ = {isa = PBXBuildFile; fileRef = 4011E8D62A4D9B81003F06BF /* HomeViewController.xib */; };
		4011E8DD2A4D9D20003F06BF /* Colors.xcassets in Resources */ = {isa = PBXBuildFile; fileRef = 4011E8DC2A4D9D20003F06BF /* Colors.xcassets */; };
		4011E8DF2A4D9D31003F06BF /* Localizable.strings in Resources */ = {isa = PBXBuildFile; fileRef = 4011E8DE2A4D9D31003F06BF /* Localizable.strings */; };
		4011E8E62A4D9D67003F06BF /* Assets.swift in Sources */ = {isa = PBXBuildFile; fileRef = 4011E8E52A4D9D67003F06BF /* Assets.swift */; };
		4011E8E82A4D9D6E003F06BF /* LocalizableStrings.swift in Sources */ = {isa = PBXBuildFile; fileRef = 4011E8E72A4D9D6E003F06BF /* LocalizableStrings.swift */; };
		4011E8EA2A4D9D74003F06BF /* Fonts.swift in Sources */ = {isa = PBXBuildFile; fileRef = 4011E8E92A4D9D73003F06BF /* Fonts.swift */; };
		4011E8EC2A4D9D8D003F06BF /* HomeViewModel.swift in Sources */ = {isa = PBXBuildFile; fileRef = 4011E8EB2A4D9D8D003F06BF /* HomeViewModel.swift */; };
		4011E8EF2A4D9DC6003F06BF /* HomeTableViewCell.swift in Sources */ = {isa = PBXBuildFile; fileRef = 4011E8ED2A4D9DC6003F06BF /* HomeTableViewCell.swift */; };
		4011E8F02A4D9DC6003F06BF /* HomeTableViewCell.xib in Resources */ = {isa = PBXBuildFile; fileRef = 4011E8EE2A4D9DC6003F06BF /* HomeTableViewCell.xib */; };
		4011E8F22A4D9E05003F06BF /* HomeModel.swift in Sources */ = {isa = PBXBuildFile; fileRef = 4011E8F12A4D9E05003F06BF /* HomeModel.swift */; };
		4011E8F42A4D9ED9003F06BF /* Quicksand-VariableFont_wght.ttf in Resources */ = {isa = PBXBuildFile; fileRef = 4011E8F32A4D9ED9003F06BF /* Quicksand-VariableFont_wght.ttf */; };
		40D3B0132A56B2CB00E9A002 /* NSObjectExtension.swift in Sources */ = {isa = PBXBuildFile; fileRef = 40D3B0122A56B2CB00E9A002 /* NSObjectExtension.swift */; };
		40D3B0162A56B3E400E9A002 /* ViewControllerInjectable.swift in Sources */ = {isa = PBXBuildFile; fileRef = 40D3B0152A56B3E400E9A002 /* ViewControllerInjectable.swift */; };
		844A2A7CC692AB7AE5144D68 /* Pods_Xib_Playground.framework in Frameworks */ = {isa = PBXBuildFile; fileRef = 6CD0A8EB52597155F7D85EC8 /* Pods_Xib_Playground.framework */; };
/* End PBXBuildFile section */

/* Begin PBXFileReference section */
		1E3E3D502A67D6E500DB681F /* DesignableButton.swift */ = {isa = PBXFileReference; lastKnownFileType = sourcecode.swift; path = DesignableButton.swift; sourceTree = "<group>"; };
		1E514EDD2AAEDF2400C9CB9A /* DesignableView.swift */ = {isa = PBXFileReference; lastKnownFileType = sourcecode.swift; path = DesignableView.swift; sourceTree = "<group>"; };
		1E62EE662AD7AABB0031CB1B /* HomeCollectionViewCell.swift */ = {isa = PBXFileReference; lastKnownFileType = sourcecode.swift; path = HomeCollectionViewCell.swift; sourceTree = "<group>"; };
		1E62EE672AD7AABB0031CB1B /* HomeCollectionViewCell.xib */ = {isa = PBXFileReference; lastKnownFileType = file.xib; path = HomeCollectionViewCell.xib; sourceTree = "<group>"; };
		1EC0E52E2AB2A967003DA972 /* DesignableTextField.swift */ = {isa = PBXFileReference; fileEncoding = 4; lastKnownFileType = sourcecode.swift; path = DesignableTextField.swift; sourceTree = "<group>"; };
		1EC0E52F2AB2A968003DA972 /* DesignableLabel.swift */ = {isa = PBXFileReference; fileEncoding = 4; lastKnownFileType = sourcecode.swift; path = DesignableLabel.swift; sourceTree = "<group>"; };
		1EC0E5302AB2A968003DA972 /* DesignableImageView.swift */ = {isa = PBXFileReference; fileEncoding = 4; lastKnownFileType = sourcecode.swift; path = DesignableImageView.swift; sourceTree = "<group>"; };
		1EF7E62F2ADE49ED0032015B /* PressableMaterialButton.swift */ = {isa = PBXFileReference; lastKnownFileType = sourcecode.swift; path = PressableMaterialButton.swift; sourceTree = "<group>"; };
		400A9BD22B4523050086914E /* Pokemon.swift */ = {isa = PBXFileReference; lastKnownFileType = sourcecode.swift; path = Pokemon.swift; sourceTree = "<group>"; };
		4011E8BE2A4D9B6F003F06BF /* Xib_Playground.app */ = {isa = PBXFileReference; explicitFileType = wrapper.application; includeInIndex = 0; path = Xib_Playground.app; sourceTree = BUILT_PRODUCTS_DIR; };
		4011E8C12A4D9B6F003F06BF /* AppDelegate.swift */ = {isa = PBXFileReference; lastKnownFileType = sourcecode.swift; path = AppDelegate.swift; sourceTree = "<group>"; };
		4011E8C32A4D9B6F003F06BF /* SceneDelegate.swift */ = {isa = PBXFileReference; lastKnownFileType = sourcecode.swift; path = SceneDelegate.swift; sourceTree = "<group>"; };
		4011E8CA2A4D9B70003F06BF /* Assets.xcassets */ = {isa = PBXFileReference; lastKnownFileType = folder.assetcatalog; path = Assets.xcassets; sourceTree = "<group>"; };
		4011E8CD2A4D9B70003F06BF /* Base */ = {isa = PBXFileReference; lastKnownFileType = file.storyboard; name = Base; path = Base.lproj/LaunchScreen.storyboard; sourceTree = "<group>"; };
		4011E8CF2A4D9B70003F06BF /* Info.plist */ = {isa = PBXFileReference; lastKnownFileType = text.plist.xml; path = Info.plist; sourceTree = "<group>"; };
		4011E8D52A4D9B81003F06BF /* HomeViewController.swift */ = {isa = PBXFileReference; lastKnownFileType = sourcecode.swift; path = HomeViewController.swift; sourceTree = "<group>"; };
		4011E8D62A4D9B81003F06BF /* HomeViewController.xib */ = {isa = PBXFileReference; lastKnownFileType = file.xib; path = HomeViewController.xib; sourceTree = "<group>"; };
		4011E8DC2A4D9D20003F06BF /* Colors.xcassets */ = {isa = PBXFileReference; lastKnownFileType = folder.assetcatalog; path = Colors.xcassets; sourceTree = "<group>"; };
		4011E8DE2A4D9D31003F06BF /* Localizable.strings */ = {isa = PBXFileReference; lastKnownFileType = text.plist.strings; path = Localizable.strings; sourceTree = "<group>"; };
		4011E8E52A4D9D67003F06BF /* Assets.swift */ = {isa = PBXFileReference; lastKnownFileType = sourcecode.swift; path = Assets.swift; sourceTree = "<group>"; };
		4011E8E72A4D9D6E003F06BF /* LocalizableStrings.swift */ = {isa = PBXFileReference; lastKnownFileType = sourcecode.swift; path = LocalizableStrings.swift; sourceTree = "<group>"; };
		4011E8E92A4D9D73003F06BF /* Fonts.swift */ = {isa = PBXFileReference; lastKnownFileType = sourcecode.swift; path = Fonts.swift; sourceTree = "<group>"; };
		4011E8EB2A4D9D8D003F06BF /* HomeViewModel.swift */ = {isa = PBXFileReference; lastKnownFileType = sourcecode.swift; path = HomeViewModel.swift; sourceTree = "<group>"; };
		4011E8ED2A4D9DC6003F06BF /* HomeTableViewCell.swift */ = {isa = PBXFileReference; lastKnownFileType = sourcecode.swift; path = HomeTableViewCell.swift; sourceTree = "<group>"; };
		4011E8EE2A4D9DC6003F06BF /* HomeTableViewCell.xib */ = {isa = PBXFileReference; lastKnownFileType = file.xib; path = HomeTableViewCell.xib; sourceTree = "<group>"; };
		4011E8F12A4D9E05003F06BF /* HomeModel.swift */ = {isa = PBXFileReference; lastKnownFileType = sourcecode.swift; path = HomeModel.swift; sourceTree = "<group>"; };
		4011E8F32A4D9ED9003F06BF /* Quicksand-VariableFont_wght.ttf */ = {isa = PBXFileReference; lastKnownFileType = file; path = "Quicksand-VariableFont_wght.ttf"; sourceTree = "<group>"; };
		40D3B0122A56B2CB00E9A002 /* NSObjectExtension.swift */ = {isa = PBXFileReference; lastKnownFileType = sourcecode.swift; path = NSObjectExtension.swift; sourceTree = "<group>"; };
		40D3B0152A56B3E400E9A002 /* ViewControllerInjectable.swift */ = {isa = PBXFileReference; lastKnownFileType = sourcecode.swift; path = ViewControllerInjectable.swift; sourceTree = "<group>"; };
		6CD0A8EB52597155F7D85EC8 /* Pods_Xib_Playground.framework */ = {isa = PBXFileReference; explicitFileType = wrapper.framework; includeInIndex = 0; path = Pods_Xib_Playground.framework; sourceTree = BUILT_PRODUCTS_DIR; };
		8FD51EC4ED984FB4DC036D16 /* Pods-Xib_Playground.release.xcconfig */ = {isa = PBXFileReference; includeInIndex = 1; lastKnownFileType = text.xcconfig; name = "Pods-Xib_Playground.release.xcconfig"; path = "Target Support Files/Pods-Xib_Playground/Pods-Xib_Playground.release.xcconfig"; sourceTree = "<group>"; };
		EB0B3FD753A1B13C5E383329 /* Pods-Xib_Playground.debug.xcconfig */ = {isa = PBXFileReference; includeInIndex = 1; lastKnownFileType = text.xcconfig; name = "Pods-Xib_Playground.debug.xcconfig"; path = "Target Support Files/Pods-Xib_Playground/Pods-Xib_Playground.debug.xcconfig"; sourceTree = "<group>"; };
/* End PBXFileReference section */

/* Begin PBXFrameworksBuildPhase section */
		4011E8BB2A4D9B6F003F06BF /* Frameworks */ = {
			isa = PBXFrameworksBuildPhase;
			buildActionMask = 2147483647;
			files = (
				844A2A7CC692AB7AE5144D68 /* Pods_Xib_Playground.framework in Frameworks */,
			);
			runOnlyForDeploymentPostprocessing = 0;
		};
/* End PBXFrameworksBuildPhase section */

/* Begin PBXGroup section */
		1A300EBE5DE20C68DDB3A5A5 /* Pods */ = {
			isa = PBXGroup;
			children = (
				EB0B3FD753A1B13C5E383329 /* Pods-Xib_Playground.debug.xcconfig */,
				8FD51EC4ED984FB4DC036D16 /* Pods-Xib_Playground.release.xcconfig */,
			);
			path = Pods;
			sourceTree = "<group>";
		};
		1E3E3D4F2A67D6D500DB681F /* DesignableComponents */ = {
			isa = PBXGroup;
			children = (
				1E3E3D502A67D6E500DB681F /* DesignableButton.swift */,
				1E514EDD2AAEDF2400C9CB9A /* DesignableView.swift */,
				1EC0E5302AB2A968003DA972 /* DesignableImageView.swift */,
				1EC0E52F2AB2A968003DA972 /* DesignableLabel.swift */,
				1EC0E52E2AB2A967003DA972 /* DesignableTextField.swift */,
				1EF7E62F2ADE49ED0032015B /* PressableMaterialButton.swift */,
			);
			path = DesignableComponents;
			sourceTree = "<group>";
		};
		1E62EE6A2AD7AAEE0031CB1B /* TableViewCells */ = {
			isa = PBXGroup;
			children = (
				4011E8ED2A4D9DC6003F06BF /* HomeTableViewCell.swift */,
				4011E8EE2A4D9DC6003F06BF /* HomeTableViewCell.xib */,
			);
			path = TableViewCells;
			sourceTree = "<group>";
		};
		1E62EE6B2AD7AAF70031CB1B /* CollectionViewCells */ = {
			isa = PBXGroup;
			children = (
				1E62EE662AD7AABB0031CB1B /* HomeCollectionViewCell.swift */,
				1E62EE672AD7AABB0031CB1B /* HomeCollectionViewCell.xib */,
			);
			path = CollectionViewCells;
			sourceTree = "<group>";
		};
		4011E8B52A4D9B6F003F06BF = {
			isa = PBXGroup;
			children = (
				4011E8C02A4D9B6F003F06BF /* Xib_Playground */,
				4011E8BF2A4D9B6F003F06BF /* Products */,
				1A300EBE5DE20C68DDB3A5A5 /* Pods */,
				B49943C8182FF3B44B6BC674 /* Frameworks */,
			);
			sourceTree = "<group>";
		};
		4011E8BF2A4D9B6F003F06BF /* Products */ = {
			isa = PBXGroup;
			children = (
				4011E8BE2A4D9B6F003F06BF /* Xib_Playground.app */,
			);
			name = Products;
			sourceTree = "<group>";
		};
		4011E8C02A4D9B6F003F06BF /* Xib_Playground */ = {
			isa = PBXGroup;
			children = (
				4011E8DB2A4D9CCD003F06BF /* Resources */,
				4011E8DA2A4D9CC9003F06BF /* Sources */,
				4011E8D92A4D9CC2003F06BF /* Generated */,
				4011E8C12A4D9B6F003F06BF /* AppDelegate.swift */,
				4011E8C32A4D9B6F003F06BF /* SceneDelegate.swift */,
			);
			path = Xib_Playground;
			sourceTree = "<group>";
		};
		4011E8D92A4D9CC2003F06BF /* Generated */ = {
			isa = PBXGroup;
			children = (
				4011E8E52A4D9D67003F06BF /* Assets.swift */,
				4011E8E72A4D9D6E003F06BF /* LocalizableStrings.swift */,
				4011E8E92A4D9D73003F06BF /* Fonts.swift */,
			);
			path = Generated;
			sourceTree = "<group>";
		};
		4011E8DA2A4D9CC9003F06BF /* Sources */ = {
			isa = PBXGroup;
			children = (
				4011E8E42A4D9D51003F06BF /* Models */,
				4011E8E32A4D9D4D003F06BF /* Views */,
				4011E8E12A4D9D43003F06BF /* ViewControllers */,
				4011E8E22A4D9D49003F06BF /* ViewModels */,
				40D3B0112A56B2BC00E9A002 /* Extensions */,
				40D3B0142A56B3CF00E9A002 /* Protocols */,
			);
			path = Sources;
			sourceTree = "<group>";
		};
		4011E8DB2A4D9CCD003F06BF /* Resources */ = {
			isa = PBXGroup;
			children = (
				4011E8CA2A4D9B70003F06BF /* Assets.xcassets */,
				4011E8DC2A4D9D20003F06BF /* Colors.xcassets */,
				4011E8DE2A4D9D31003F06BF /* Localizable.strings */,
				4011E8CC2A4D9B70003F06BF /* LaunchScreen.storyboard */,
				4011E8CF2A4D9B70003F06BF /* Info.plist */,
				4011E8E02A4D9D38003F06BF /* Font */,
			);
			path = Resources;
			sourceTree = "<group>";
		};
		4011E8E02A4D9D38003F06BF /* Font */ = {
			isa = PBXGroup;
			children = (
				4011E8F32A4D9ED9003F06BF /* Quicksand-VariableFont_wght.ttf */,
			);
			path = Font;
			sourceTree = "<group>";
		};
		4011E8E12A4D9D43003F06BF /* ViewControllers */ = {
			isa = PBXGroup;
			children = (
				4011E8D52A4D9B81003F06BF /* HomeViewController.swift */,
				4011E8D62A4D9B81003F06BF /* HomeViewController.xib */,
			);
			path = ViewControllers;
			sourceTree = "<group>";
		};
		4011E8E22A4D9D49003F06BF /* ViewModels */ = {
			isa = PBXGroup;
			children = (
				4011E8EB2A4D9D8D003F06BF /* HomeViewModel.swift */,
			);
			path = ViewModels;
			sourceTree = "<group>";
		};
		4011E8E32A4D9D4D003F06BF /* Views */ = {
			isa = PBXGroup;
			children = (
				1E62EE6A2AD7AAEE0031CB1B /* TableViewCells */,
				1E62EE6B2AD7AAF70031CB1B /* CollectionViewCells */,
				1E3E3D4F2A67D6D500DB681F /* DesignableComponents */,
			);
			path = Views;
			sourceTree = "<group>";
		};
		4011E8E42A4D9D51003F06BF /* Models */ = {
			isa = PBXGroup;
			children = (
				4011E8F12A4D9E05003F06BF /* HomeModel.swift */,
				400A9BD22B4523050086914E /* Pokemon.swift */,
			);
			path = Models;
			sourceTree = "<group>";
		};
		40D3B0112A56B2BC00E9A002 /* Extensions */ = {
			isa = PBXGroup;
			children = (
				40D3B0122A56B2CB00E9A002 /* NSObjectExtension.swift */,
			);
			path = Extensions;
			sourceTree = "<group>";
		};
		40D3B0142A56B3CF00E9A002 /* Protocols */ = {
			isa = PBXGroup;
			children = (
				40D3B0152A56B3E400E9A002 /* ViewControllerInjectable.swift */,
			);
			path = Protocols;
			sourceTree = "<group>";
		};
		B49943C8182FF3B44B6BC674 /* Frameworks */ = {
			isa = PBXGroup;
			children = (
				6CD0A8EB52597155F7D85EC8 /* Pods_Xib_Playground.framework */,
			);
			name = Frameworks;
			sourceTree = "<group>";
		};
/* End PBXGroup section */

/* Begin PBXNativeTarget section */
		4011E8BD2A4D9B6F003F06BF /* Xib_Playground */ = {
			isa = PBXNativeTarget;
			buildConfigurationList = 4011E8D22A4D9B70003F06BF /* Build configuration list for PBXNativeTarget "Xib_Playground" */;
			buildPhases = (
				7075593D3915AAFC8AC17FD2 /* [CP] Check Pods Manifest.lock */,
				4011E8BA2A4D9B6F003F06BF /* Sources */,
				4011E8BB2A4D9B6F003F06BF /* Frameworks */,
				4011E8BC2A4D9B6F003F06BF /* Resources */,
				4CA0D6758D655D1A05F9E9B0 /* [CP] Embed Pods Frameworks */,
				4011E8F52A4DA04B003F06BF /* SwiftLint */,
			);
			buildRules = (
			);
			dependencies = (
			);
			name = Xib_Playground;
			productName = Xib_Playground;
			productReference = 4011E8BE2A4D9B6F003F06BF /* Xib_Playground.app */;
			productType = "com.apple.product-type.application";
		};
/* End PBXNativeTarget section */

/* Begin PBXProject section */
		4011E8B62A4D9B6F003F06BF /* Project object */ = {
			isa = PBXProject;
			attributes = {
				BuildIndependentTargetsInParallel = 1;
				LastSwiftUpdateCheck = 1420;
				LastUpgradeCheck = 1420;
				TargetAttributes = {
					4011E8BD2A4D9B6F003F06BF = {
						CreatedOnToolsVersion = 14.2;
					};
				};
			};
			buildConfigurationList = 4011E8B92A4D9B6F003F06BF /* Build configuration list for PBXProject "Xib_Playground" */;
			compatibilityVersion = "Xcode 14.0";
			developmentRegion = en;
			hasScannedForEncodings = 0;
			knownRegions = (
				en,
				Base,
			);
			mainGroup = 4011E8B52A4D9B6F003F06BF;
			productRefGroup = 4011E8BF2A4D9B6F003F06BF /* Products */;
			projectDirPath = "";
			projectRoot = "";
			targets = (
				4011E8BD2A4D9B6F003F06BF /* Xib_Playground */,
			);
		};
/* End PBXProject section */

/* Begin PBXResourcesBuildPhase section */
		4011E8BC2A4D9B6F003F06BF /* Resources */ = {
			isa = PBXResourcesBuildPhase;
			buildActionMask = 2147483647;
			files = (
				4011E8DF2A4D9D31003F06BF /* Localizable.strings in Resources */,
				4011E8CE2A4D9B70003F06BF /* LaunchScreen.storyboard in Resources */,
				4011E8DD2A4D9D20003F06BF /* Colors.xcassets in Resources */,
				1E62EE692AD7AABB0031CB1B /* HomeCollectionViewCell.xib in Resources */,
				4011E8F02A4D9DC6003F06BF /* HomeTableViewCell.xib in Resources */,
				4011E8CB2A4D9B70003F06BF /* Assets.xcassets in Resources */,
				4011E8D82A4D9B81003F06BF /* HomeViewController.xib in Resources */,
				4011E8F42A4D9ED9003F06BF /* Quicksand-VariableFont_wght.ttf in Resources */,
			);
			runOnlyForDeploymentPostprocessing = 0;
		};
/* End PBXResourcesBuildPhase section */

/* Begin PBXShellScriptBuildPhase section */
		4011E8F52A4DA04B003F06BF /* SwiftLint */ = {
			isa = PBXShellScriptBuildPhase;
			alwaysOutOfDate = 1;
			buildActionMask = 2147483647;
			files = (
			);
			inputFileListPaths = (
			);
			inputPaths = (
			);
			name = SwiftLint;
			outputFileListPaths = (
			);
			outputPaths = (
			);
			runOnlyForDeploymentPostprocessing = 0;
			shellPath = /bin/sh;
			shellScript = "export PATH=\"$PATH:/opt/homebrew/bin\"\nif which swiftlint >/dev/null; then\n  swiftlint autocorrect --format # 自動修正の有効化\n  swiftlint\nelse\n  echo \"SwiftLint does not exist, download from https://github.com/realm/SwiftLint\"\nfi\n";
			showEnvVarsInLog = 0;
		};
		4CA0D6758D655D1A05F9E9B0 /* [CP] Embed Pods Frameworks */ = {
			isa = PBXShellScriptBuildPhase;
			buildActionMask = 2147483647;
			files = (
			);
			inputFileListPaths = (
				"${PODS_ROOT}/Target Support Files/Pods-Xib_Playground/Pods-Xib_Playground-frameworks-${CONFIGURATION}-input-files.xcfilelist",
			);
			name = "[CP] Embed Pods Frameworks";
			outputFileListPaths = (
				"${PODS_ROOT}/Target Support Files/Pods-Xib_Playground/Pods-Xib_Playground-frameworks-${CONFIGURATION}-output-files.xcfilelist",
			);
			runOnlyForDeploymentPostprocessing = 0;
			shellPath = /bin/sh;
			shellScript = "\"${PODS_ROOT}/Target Support Files/Pods-Xib_Playground/Pods-Xib_Playground-frameworks.sh\"\n";
			showEnvVarsInLog = 0;
		};
		7075593D3915AAFC8AC17FD2 /* [CP] Check Pods Manifest.lock */ = {
			isa = PBXShellScriptBuildPhase;
			buildActionMask = 2147483647;
			files = (
			);
			inputFileListPaths = (
			);
			inputPaths = (
				"${PODS_PODFILE_DIR_PATH}/Podfile.lock",
				"${PODS_ROOT}/Manifest.lock",
			);
			name = "[CP] Check Pods Manifest.lock";
			outputFileListPaths = (
			);
			outputPaths = (
				"$(DERIVED_FILE_DIR)/Pods-Xib_Playground-checkManifestLockResult.txt",
			);
			runOnlyForDeploymentPostprocessing = 0;
			shellPath = /bin/sh;
			shellScript = "diff \"${PODS_PODFILE_DIR_PATH}/Podfile.lock\" \"${PODS_ROOT}/Manifest.lock\" > /dev/null\nif [ $? != 0 ] ; then\n    # print error to STDERR\n    echo \"error: The sandbox is not in sync with the Podfile.lock. Run 'pod install' or update your CocoaPods installation.\" >&2\n    exit 1\nfi\n# This output is used by Xcode 'outputs' to avoid re-running this script phase.\necho \"SUCCESS\" > \"${SCRIPT_OUTPUT_FILE_0}\"\n";
			showEnvVarsInLog = 0;
		};
/* End PBXShellScriptBuildPhase section */

/* Begin PBXSourcesBuildPhase section */
		4011E8BA2A4D9B6F003F06BF /* Sources */ = {
			isa = PBXSourcesBuildPhase;
			buildActionMask = 2147483647;
			files = (
				1EC0E5332AB2A968003DA972 /* DesignableImageView.swift in Sources */,
				4011E8C22A4D9B6F003F06BF /* AppDelegate.swift in Sources */,
				40D3B0132A56B2CB00E9A002 /* NSObjectExtension.swift in Sources */,
				4011E8F22A4D9E05003F06BF /* HomeModel.swift in Sources */,
				1EC0E5312AB2A968003DA972 /* DesignableTextField.swift in Sources */,
				400A9BD32B4523050086914E /* Pokemon.swift in Sources */,
				1E514EDE2AAEDF2400C9CB9A /* DesignableView.swift in Sources */,
				4011E8C42A4D9B6F003F06BF /* SceneDelegate.swift in Sources */,
				4011E8E82A4D9D6E003F06BF /* LocalizableStrings.swift in Sources */,
				1EF7E6302ADE49ED0032015B /* PressableMaterialButton.swift in Sources */,
				4011E8E62A4D9D67003F06BF /* Assets.swift in Sources */,
				4011E8EA2A4D9D74003F06BF /* Fonts.swift in Sources */,
				1E62EE682AD7AABB0031CB1B /* HomeCollectionViewCell.swift in Sources */,
				4011E8EF2A4D9DC6003F06BF /* HomeTableViewCell.swift in Sources */,
				1EC0E5322AB2A968003DA972 /* DesignableLabel.swift in Sources */,
				40D3B0162A56B3E400E9A002 /* ViewControllerInjectable.swift in Sources */,
				4011E8EC2A4D9D8D003F06BF /* HomeViewModel.swift in Sources */,
				4011E8D72A4D9B81003F06BF /* HomeViewController.swift in Sources */,
				1E3E3D512A67D6E500DB681F /* DesignableButton.swift in Sources */,
			);
			runOnlyForDeploymentPostprocessing = 0;
		};
/* End PBXSourcesBuildPhase section */

/* Begin PBXVariantGroup section */
		4011E8CC2A4D9B70003F06BF /* LaunchScreen.storyboard */ = {
			isa = PBXVariantGroup;
			children = (
				4011E8CD2A4D9B70003F06BF /* Base */,
			);
			name = LaunchScreen.storyboard;
			sourceTree = "<group>";
		};
/* End PBXVariantGroup section */

/* Begin XCBuildConfiguration section */
		4011E8D02A4D9B70003F06BF /* Debug */ = {
			isa = XCBuildConfiguration;
			buildSettings = {
				ALWAYS_SEARCH_USER_PATHS = NO;
				CLANG_ANALYZER_NONNULL = YES;
				CLANG_ANALYZER_NUMBER_OBJECT_CONVERSION = YES_AGGRESSIVE;
				CLANG_CXX_LANGUAGE_STANDARD = "gnu++20";
				CLANG_ENABLE_MODULES = YES;
				CLANG_ENABLE_OBJC_ARC = YES;
				CLANG_ENABLE_OBJC_WEAK = YES;
				CLANG_WARN_BLOCK_CAPTURE_AUTORELEASING = YES;
				CLANG_WARN_BOOL_CONVERSION = YES;
				CLANG_WARN_COMMA = YES;
				CLANG_WARN_CONSTANT_CONVERSION = YES;
				CLANG_WARN_DEPRECATED_OBJC_IMPLEMENTATIONS = YES;
				CLANG_WARN_DIRECT_OBJC_ISA_USAGE = YES_ERROR;
				CLANG_WARN_DOCUMENTATION_COMMENTS = YES;
				CLANG_WARN_EMPTY_BODY = YES;
				CLANG_WARN_ENUM_CONVERSION = YES;
				CLANG_WARN_INFINITE_RECURSION = YES;
				CLANG_WARN_INT_CONVERSION = YES;
				CLANG_WARN_NON_LITERAL_NULL_CONVERSION = YES;
				CLANG_WARN_OBJC_IMPLICIT_RETAIN_SELF = YES;
				CLANG_WARN_OBJC_LITERAL_CONVERSION = YES;
				CLANG_WARN_OBJC_ROOT_CLASS = YES_ERROR;
				CLANG_WARN_QUOTED_INCLUDE_IN_FRAMEWORK_HEADER = YES;
				CLANG_WARN_RANGE_LOOP_ANALYSIS = YES;
				CLANG_WARN_STRICT_PROTOTYPES = YES;
				CLANG_WARN_SUSPICIOUS_MOVE = YES;
				CLANG_WARN_UNGUARDED_AVAILABILITY = YES_AGGRESSIVE;
				CLANG_WARN_UNREACHABLE_CODE = YES;
				CLANG_WARN__DUPLICATE_METHOD_MATCH = YES;
				COPY_PHASE_STRIP = NO;
				DEBUG_INFORMATION_FORMAT = dwarf;
				ENABLE_STRICT_OBJC_MSGSEND = YES;
				ENABLE_TESTABILITY = YES;
				GCC_C_LANGUAGE_STANDARD = gnu11;
				GCC_DYNAMIC_NO_PIC = NO;
				GCC_NO_COMMON_BLOCKS = YES;
				GCC_OPTIMIZATION_LEVEL = 0;
				GCC_PREPROCESSOR_DEFINITIONS = (
					"DEBUG=1",
					"$(inherited)",
				);
				GCC_WARN_64_TO_32_BIT_CONVERSION = YES;
				GCC_WARN_ABOUT_RETURN_TYPE = YES_ERROR;
				GCC_WARN_UNDECLARED_SELECTOR = YES;
				GCC_WARN_UNINITIALIZED_AUTOS = YES_AGGRESSIVE;
				GCC_WARN_UNUSED_FUNCTION = YES;
				GCC_WARN_UNUSED_VARIABLE = YES;
				IPHONEOS_DEPLOYMENT_TARGET = 15.0;
				MTL_ENABLE_DEBUG_INFO = INCLUDE_SOURCE;
				MTL_FAST_MATH = YES;
				ONLY_ACTIVE_ARCH = YES;
				SDKROOT = iphoneos;
				SWIFT_ACTIVE_COMPILATION_CONDITIONS = DEBUG;
				SWIFT_OPTIMIZATION_LEVEL = "-Onone";
			};
			name = Debug;
		};
		4011E8D12A4D9B70003F06BF /* Release */ = {
			isa = XCBuildConfiguration;
			buildSettings = {
				ALWAYS_SEARCH_USER_PATHS = NO;
				CLANG_ANALYZER_NONNULL = YES;
				CLANG_ANALYZER_NUMBER_OBJECT_CONVERSION = YES_AGGRESSIVE;
				CLANG_CXX_LANGUAGE_STANDARD = "gnu++20";
				CLANG_ENABLE_MODULES = YES;
				CLANG_ENABLE_OBJC_ARC = YES;
				CLANG_ENABLE_OBJC_WEAK = YES;
				CLANG_WARN_BLOCK_CAPTURE_AUTORELEASING = YES;
				CLANG_WARN_BOOL_CONVERSION = YES;
				CLANG_WARN_COMMA = YES;
				CLANG_WARN_CONSTANT_CONVERSION = YES;
				CLANG_WARN_DEPRECATED_OBJC_IMPLEMENTATIONS = YES;
				CLANG_WARN_DIRECT_OBJC_ISA_USAGE = YES_ERROR;
				CLANG_WARN_DOCUMENTATION_COMMENTS = YES;
				CLANG_WARN_EMPTY_BODY = YES;
				CLANG_WARN_ENUM_CONVERSION = YES;
				CLANG_WARN_INFINITE_RECURSION = YES;
				CLANG_WARN_INT_CONVERSION = YES;
				CLANG_WARN_NON_LITERAL_NULL_CONVERSION = YES;
				CLANG_WARN_OBJC_IMPLICIT_RETAIN_SELF = YES;
				CLANG_WARN_OBJC_LITERAL_CONVERSION = YES;
				CLANG_WARN_OBJC_ROOT_CLASS = YES_ERROR;
				CLANG_WARN_QUOTED_INCLUDE_IN_FRAMEWORK_HEADER = YES;
				CLANG_WARN_RANGE_LOOP_ANALYSIS = YES;
				CLANG_WARN_STRICT_PROTOTYPES = YES;
				CLANG_WARN_SUSPICIOUS_MOVE = YES;
				CLANG_WARN_UNGUARDED_AVAILABILITY = YES_AGGRESSIVE;
				CLANG_WARN_UNREACHABLE_CODE = YES;
				CLANG_WARN__DUPLICATE_METHOD_MATCH = YES;
				COPY_PHASE_STRIP = NO;
				DEBUG_INFORMATION_FORMAT = "dwarf-with-dsym";
				ENABLE_NS_ASSERTIONS = NO;
				ENABLE_STRICT_OBJC_MSGSEND = YES;
				GCC_C_LANGUAGE_STANDARD = gnu11;
				GCC_NO_COMMON_BLOCKS = YES;
				GCC_WARN_64_TO_32_BIT_CONVERSION = YES;
				GCC_WARN_ABOUT_RETURN_TYPE = YES_ERROR;
				GCC_WARN_UNDECLARED_SELECTOR = YES;
				GCC_WARN_UNINITIALIZED_AUTOS = YES_AGGRESSIVE;
				GCC_WARN_UNUSED_FUNCTION = YES;
				GCC_WARN_UNUSED_VARIABLE = YES;
				IPHONEOS_DEPLOYMENT_TARGET = 15.0;
				MTL_ENABLE_DEBUG_INFO = NO;
				MTL_FAST_MATH = YES;
				SDKROOT = iphoneos;
				SWIFT_COMPILATION_MODE = wholemodule;
				SWIFT_OPTIMIZATION_LEVEL = "-O";
				VALIDATE_PRODUCT = YES;
			};
			name = Release;
		};
		4011E8D32A4D9B70003F06BF /* Debug */ = {
			isa = XCBuildConfiguration;
			baseConfigurationReference = EB0B3FD753A1B13C5E383329 /* Pods-Xib_Playground.debug.xcconfig */;
			buildSettings = {
				ASSETCATALOG_COMPILER_APPICON_NAME = AppIcon;
				ASSETCATALOG_COMPILER_GLOBAL_ACCENT_COLOR_NAME = AccentColor;
				CODE_SIGN_STYLE = Automatic;
				CURRENT_PROJECT_VERSION = 1;
				DEVELOPMENT_TEAM = L6Q3MJXV23;
				GENERATE_INFOPLIST_FILE = YES;
				INFOPLIST_FILE = Xib_Playground/Resources/Info.plist;
				INFOPLIST_KEY_CFBundleDisplayName = UIKit_Play;
				INFOPLIST_KEY_LSApplicationCategoryType = "public.app-category.education";
				INFOPLIST_KEY_UIApplicationSupportsIndirectInputEvents = YES;
				INFOPLIST_KEY_UILaunchStoryboardName = LaunchScreen;
				INFOPLIST_KEY_UISupportedInterfaceOrientations = UIInterfaceOrientationPortrait;
				INFOPLIST_KEY_UISupportedInterfaceOrientations_iPad = "UIInterfaceOrientationLandscapeLeft UIInterfaceOrientationLandscapeRight UIInterfaceOrientationPortrait UIInterfaceOrientationPortraitUpsideDown";
				INFOPLIST_KEY_UIUserInterfaceStyle = Light;
				LD_RUNPATH_SEARCH_PATHS = (
					"$(inherited)",
					"@executable_path/Frameworks",
				);
				MARKETING_VERSION = 1.0;
				PRODUCT_BUNDLE_IDENTIFIER = "com.masa4y44-.masaya.nakakuki.Xib-Playground";
				PRODUCT_NAME = "$(TARGET_NAME)";
				SUPPORTED_PLATFORMS = "iphoneos iphonesimulator";
				SUPPORTS_MACCATALYST = NO;
				SUPPORTS_MAC_DESIGNED_FOR_IPHONE_IPAD = NO;
				SWIFT_EMIT_LOC_STRINGS = YES;
				SWIFT_VERSION = 5.0;
				TARGETED_DEVICE_FAMILY = 1;
			};
			name = Debug;
		};
		4011E8D42A4D9B70003F06BF /* Release */ = {
			isa = XCBuildConfiguration;
			baseConfigurationReference = 8FD51EC4ED984FB4DC036D16 /* Pods-Xib_Playground.release.xcconfig */;
			buildSettings = {
				ASSETCATALOG_COMPILER_APPICON_NAME = AppIcon;
				ASSETCATALOG_COMPILER_GLOBAL_ACCENT_COLOR_NAME = AccentColor;
				CODE_SIGN_STYLE = Automatic;
				CURRENT_PROJECT_VERSION = 1;
				DEVELOPMENT_TEAM = L6Q3MJXV23;
				GENERATE_INFOPLIST_FILE = YES;
				INFOPLIST_FILE = Xib_Playground/Resources/Info.plist;
				INFOPLIST_KEY_CFBundleDisplayName = UIKit_Play;
				INFOPLIST_KEY_LSApplicationCategoryType = "public.app-category.education";
				INFOPLIST_KEY_UIApplicationSupportsIndirectInputEvents = YES;
				INFOPLIST_KEY_UILaunchStoryboardName = LaunchScreen;
				INFOPLIST_KEY_UISupportedInterfaceOrientations = UIInterfaceOrientationPortrait;
				INFOPLIST_KEY_UISupportedInterfaceOrientations_iPad = "UIInterfaceOrientationLandscapeLeft UIInterfaceOrientationLandscapeRight UIInterfaceOrientationPortrait UIInterfaceOrientationPortraitUpsideDown";
				INFOPLIST_KEY_UIUserInterfaceStyle = Light;
				LD_RUNPATH_SEARCH_PATHS = (
					"$(inherited)",
					"@executable_path/Frameworks",
				);
				MARKETING_VERSION = 1.0;
				PRODUCT_BUNDLE_IDENTIFIER = "com.masa4y44-.masaya.nakakuki.Xib-Playground";
				PRODUCT_NAME = "$(TARGET_NAME)";
				SUPPORTED_PLATFORMS = "iphoneos iphonesimulator";
				SUPPORTS_MACCATALYST = NO;
				SUPPORTS_MAC_DESIGNED_FOR_IPHONE_IPAD = NO;
				SWIFT_EMIT_LOC_STRINGS = YES;
				SWIFT_VERSION = 5.0;
				TARGETED_DEVICE_FAMILY = 1;
			};
			name = Release;
		};
/* End XCBuildConfiguration section */

/* Begin XCConfigurationList section */
		4011E8B92A4D9B6F003F06BF /* Build configuration list for PBXProject "Xib_Playground" */ = {
			isa = XCConfigurationList;
			buildConfigurations = (
				4011E8D02A4D9B70003F06BF /* Debug */,
				4011E8D12A4D9B70003F06BF /* Release */,
			);
			defaultConfigurationIsVisible = 0;
			defaultConfigurationName = Release;
		};
		4011E8D22A4D9B70003F06BF /* Build configuration list for PBXNativeTarget "Xib_Playground" */ = {
			isa = XCConfigurationList;
			buildConfigurations = (
				4011E8D32A4D9B70003F06BF /* Debug */,
				4011E8D42A4D9B70003F06BF /* Release */,
			);
			defaultConfigurationIsVisible = 0;
			defaultConfigurationName = Release;
		};
/* End XCConfigurationList section */
	};
	rootObject = 4011E8B62A4D9B6F003F06BF /* Project object */;
}
