// !$*UTF8*$!
{
	archiveVersion = 1;
	classes = {
	};
	objectVersion = 70;
	objects = {

/* Begin PBXBuildFile section */
		1E0107362D4C86E900EE0EDC /* Sharedinstance.swift in Sources */ = {isa = PBXBuildFile; fileRef = 1E0107352D4C86E900EE0EDC /* Sharedinstance.swift */; };
		1E3E3D512A67D6E500DB681F /* DesignableButton.swift in Sources */ = {isa = PBXBuildFile; fileRef = 1E3E3D502A67D6E500DB681F /* DesignableButton.swift */; };
		1E514EDE2AAEDF2400C9CB9A /* DesignableView.swift in Sources */ = {isa = PBXBuildFile; fileRef = 1E514EDD2AAEDF2400C9CB9A /* DesignableView.swift */; };
		1E6CD0182BEE0AD00080B3FB /* HomeTableViewCell.xib in Resources */ = {isa = PBXBuildFile; fileRef = 1E6CD0172BEE0AD00080B3FB /* HomeTableViewCell.xib */; };
		1E6CD0192BEE0AD00080B3FB /* HomeTableViewCell.swift in Sources */ = {isa = PBXBuildFile; fileRef = 1E6CD0162BEE0AD00080B3FB /* HomeTableViewCell.swift */; };
		1E6CD01C2BEE0AED0080B3FB /* HomeCollectionViewCell.xib in Resources */ = {isa = PBXBuildFile; fileRef = 1E6CD01B2BEE0AED0080B3FB /* HomeCollectionViewCell.xib */; };
		1E6CD01D2BEE0AED0080B3FB /* HomeCollectionViewCell.swift in Sources */ = {isa = PBXBuildFile; fileRef = 1E6CD01A2BEE0AED0080B3FB /* HomeCollectionViewCell.swift */; };
		1E83D5D52C8AD14300D2AC3C /* Action in Frameworks */ = {isa = PBXBuildFile; productRef = 1E83D5D42C8AD14300D2AC3C /* Action */; };
		1E83D5D72C8AD15600D2AC3C /* RxBlocking in Frameworks */ = {isa = PBXBuildFile; productRef = 1E83D5D62C8AD15600D2AC3C /* RxBlocking */; };
		1E83D5DB2C8AD15600D2AC3C /* RxCocoa in Frameworks */ = {isa = PBXBuildFile; productRef = 1E83D5DA2C8AD15600D2AC3C /* RxCocoa */; };
		1E83D5DF2C8AD15600D2AC3C /* RxRelay in Frameworks */ = {isa = PBXBuildFile; productRef = 1E83D5DE2C8AD15600D2AC3C /* RxRelay */; };
		1EA9139C2D2B63AD00863507 /* FirebaseAnalytics in Frameworks */ = {isa = PBXBuildFile; productRef = 1EA9139B2D2B63AD00863507 /* FirebaseAnalytics */; };
		1EA9139E2D2B63AD00863507 /* FirebaseAnalyticsOnDeviceConversion in Frameworks */ = {isa = PBXBuildFile; productRef = 1EA9139D2D2B63AD00863507 /* FirebaseAnalyticsOnDeviceConversion */; };
		1EA913A02D2B63AD00863507 /* FirebaseAnalyticsWithoutAdIdSupport in Frameworks */ = {isa = PBXBuildFile; productRef = 1EA9139F2D2B63AD00863507 /* FirebaseAnalyticsWithoutAdIdSupport */; };
		1EA913A22D2B63AD00863507 /* FirebaseAppCheck in Frameworks */ = {isa = PBXBuildFile; productRef = 1EA913A12D2B63AD00863507 /* FirebaseAppCheck */; };
		1EA913A42D2B63AD00863507 /* FirebaseAppDistribution-Beta in Frameworks */ = {isa = PBXBuildFile; productRef = 1EA913A32D2B63AD00863507 /* FirebaseAppDistribution-Beta */; };
		1EBB91052D2B6475006BB918 /* FirebaseInAppMessaging-Beta in Frameworks */ = {isa = PBXBuildFile; productRef = 1EBB91042D2B6475006BB918 /* FirebaseInAppMessaging-Beta */; };
		1EBB91262D2B7B27006BB918 /* FirebaseAuth in Frameworks */ = {isa = PBXBuildFile; productRef = 1EBB91252D2B7B27006BB918 /* FirebaseAuth */; };
		1EBB91282D2B7B27006BB918 /* FirebaseCrashlytics in Frameworks */ = {isa = PBXBuildFile; productRef = 1EBB91272D2B7B27006BB918 /* FirebaseCrashlytics */; };
		1EBB912A2D2B7B27006BB918 /* FirebaseDatabase in Frameworks */ = {isa = PBXBuildFile; productRef = 1EBB91292D2B7B27006BB918 /* FirebaseDatabase */; };
		1EBB912C2D2B7B27006BB918 /* FirebaseFirestore in Frameworks */ = {isa = PBXBuildFile; productRef = 1EBB912B2D2B7B27006BB918 /* FirebaseFirestore */; };
		1EBB912E2D2B7B27006BB918 /* FirebaseInstallations in Frameworks */ = {isa = PBXBuildFile; productRef = 1EBB912D2D2B7B27006BB918 /* FirebaseInstallations */; };
		1EBB91302D2B7B27006BB918 /* FirebaseMessaging in Frameworks */ = {isa = PBXBuildFile; productRef = 1EBB912F2D2B7B27006BB918 /* FirebaseMessaging */; };
		1EBB91322D2B7B27006BB918 /* FirebaseRemoteConfig in Frameworks */ = {isa = PBXBuildFile; productRef = 1EBB91312D2B7B27006BB918 /* FirebaseRemoteConfig */; };
		1EBB91342D2B7B27006BB918 /* FirebaseStorage in Frameworks */ = {isa = PBXBuildFile; productRef = 1EBB91332D2B7B27006BB918 /* FirebaseStorage */; };
		1EC0E5312AB2A968003DA972 /* DesignableTextField.swift in Sources */ = {isa = PBXBuildFile; fileRef = 1EC0E52E2AB2A967003DA972 /* DesignableTextField.swift */; };
		1EC0E5322AB2A968003DA972 /* DesignableLabel.swift in Sources */ = {isa = PBXBuildFile; fileRef = 1EC0E52F2AB2A968003DA972 /* DesignableLabel.swift */; };
		1EC0E5332AB2A968003DA972 /* DesignableImageView.swift in Sources */ = {isa = PBXBuildFile; fileRef = 1EC0E5302AB2A968003DA972 /* DesignableImageView.swift */; };
		1EC5A8462BA69465001455DC /* UITableViewExtension.swift in Sources */ = {isa = PBXBuildFile; fileRef = 1EC5A8452BA69465001455DC /* UITableViewExtension.swift */; };
		1EC5A8482BA6958F001455DC /* UICollectionViewExtension.swift in Sources */ = {isa = PBXBuildFile; fileRef = 1EC5A8472BA6958F001455DC /* UICollectionViewExtension.swift */; };
		1EDDC9252D43169000D4C6D5 /* unicorn.mp3 in Resources */ = {isa = PBXBuildFile; fileRef = 1EDDC9242D43169000D4C6D5 /* unicorn.mp3 */; };
		1EE5E4E22C8AD93200422E13 /* SwiftFormat in Frameworks */ = {isa = PBXBuildFile; productRef = 1EE5E4E12C8AD93200422E13 /* SwiftFormat */; };
		1EF7E6302ADE49ED0032015B /* PressableMaterialButton.swift in Sources */ = {isa = PBXBuildFile; fileRef = 1EF7E62F2ADE49ED0032015B /* PressableMaterialButton.swift */; };
		400EE06E2D0D9F1E0005E586 /* RxDataSources in Frameworks */ = {isa = PBXBuildFile; productRef = 400EE06D2D0D9F1E0005E586 /* RxDataSources */; };
		4011E8CB2A4D9B70003F06BF /* Assets.xcassets in Resources */ = {isa = PBXBuildFile; fileRef = 4011E8CA2A4D9B70003F06BF /* Assets.xcassets */; };
		4011E8CE2A4D9B70003F06BF /* LaunchScreen.storyboard in Resources */ = {isa = PBXBuildFile; fileRef = 4011E8CC2A4D9B70003F06BF /* LaunchScreen.storyboard */; };
		4011E8D72A4D9B81003F06BF /* WeatherViewController.swift in Sources */ = {isa = PBXBuildFile; fileRef = 4011E8D52A4D9B81003F06BF /* WeatherViewController.swift */; };
		4011E8D82A4D9B81003F06BF /* WeatherViewController.xib in Resources */ = {isa = PBXBuildFile; fileRef = 4011E8D62A4D9B81003F06BF /* WeatherViewController.xib */; };
		4011E8DD2A4D9D20003F06BF /* Colors.xcassets in Resources */ = {isa = PBXBuildFile; fileRef = 4011E8DC2A4D9D20003F06BF /* Colors.xcassets */; };
		4011E8DF2A4D9D31003F06BF /* Localizable.strings in Resources */ = {isa = PBXBuildFile; fileRef = 4011E8DE2A4D9D31003F06BF /* Localizable.strings */; };
		4011E8E62A4D9D67003F06BF /* Assets.swift in Sources */ = {isa = PBXBuildFile; fileRef = 4011E8E52A4D9D67003F06BF /* Assets.swift */; };
		4011E8E82A4D9D6E003F06BF /* LocalizableStrings.swift in Sources */ = {isa = PBXBuildFile; fileRef = 4011E8E72A4D9D6E003F06BF /* LocalizableStrings.swift */; };
		4011E8EA2A4D9D74003F06BF /* Fonts.swift in Sources */ = {isa = PBXBuildFile; fileRef = 4011E8E92A4D9D73003F06BF /* Fonts.swift */; };
		4011E8EC2A4D9D8D003F06BF /* HomeViewModel.swift in Sources */ = {isa = PBXBuildFile; fileRef = 4011E8EB2A4D9D8D003F06BF /* HomeViewModel.swift */; };
		4011E8F22A4D9E05003F06BF /* HomeModel.swift in Sources */ = {isa = PBXBuildFile; fileRef = 4011E8F12A4D9E05003F06BF /* HomeModel.swift */; };
		4011E8F42A4D9ED9003F06BF /* Quicksand-VariableFont_wght.ttf in Resources */ = {isa = PBXBuildFile; fileRef = 4011E8F32A4D9ED9003F06BF /* Quicksand-VariableFont_wght.ttf */; };
		408B993B2E65B0FB00D63223 /* UILabelExtension.swift in Sources */ = {isa = PBXBuildFile; fileRef = 408B993A2E65B0FB00D63223 /* UILabelExtension.swift */; };
		408B993E2E65B12E00D63223 /* StringStylizer in Frameworks */ = {isa = PBXBuildFile; productRef = 408B993D2E65B12E00D63223 /* StringStylizer */; };
		40A3355D2E7178FB0019A0B5 /* WeatherModuleBuilder.swift in Sources */ = {isa = PBXBuildFile; fileRef = 40A3355C2E7178FB0019A0B5 /* WeatherModuleBuilder.swift */; };
		40A3355F2E7179C40019A0B5 /* WeatherRouter.swift in Sources */ = {isa = PBXBuildFile; fileRef = 40A3355E2E7179C40019A0B5 /* WeatherRouter.swift */; };
		40A335612E7193FB0019A0B5 /* WeatherInteractor.swift in Sources */ = {isa = PBXBuildFile; fileRef = 40A335602E7193FB0019A0B5 /* WeatherInteractor.swift */; };
		40A335632E71946A0019A0B5 /* WeatherPresenter.swift in Sources */ = {isa = PBXBuildFile; fileRef = 40A335622E71946A0019A0B5 /* WeatherPresenter.swift */; };
		40A335652E71967D0019A0B5 /* Weather.swift in Sources */ = {isa = PBXBuildFile; fileRef = 40A335642E71967D0019A0B5 /* Weather.swift */; };
		40A335672E71968F0019A0B5 /* WeatherAPIService.swift in Sources */ = {isa = PBXBuildFile; fileRef = 40A335662E71968F0019A0B5 /* WeatherAPIService.swift */; };
		40A335692E71973C0019A0B5 /* WeatherError.swift in Sources */ = {isa = PBXBuildFile; fileRef = 40A335682E71973C0019A0B5 /* WeatherError.swift */; };
		40A481092D0130040015C565 /* PINRemoteImage in Frameworks */ = {isa = PBXBuildFile; productRef = 40A481082D0130040015C565 /* PINRemoteImage */; };
		40BA840D2C1D098A00F52408 /* CalculatorTest.swift in Sources */ = {isa = PBXBuildFile; fileRef = 40BA840C2C1D098A00F52408 /* CalculatorTest.swift */; };
		40BA84142C1D09E200F52408 /* Calculator.swift in Sources */ = {isa = PBXBuildFile; fileRef = 40BA84132C1D09E200F52408 /* Calculator.swift */; };
		40D3B0132A56B2CB00E9A002 /* NSObjectExtension.swift in Sources */ = {isa = PBXBuildFile; fileRef = 40D3B0122A56B2CB00E9A002 /* NSObjectExtension.swift */; };
		40D3B0162A56B3E400E9A002 /* ViewControllerInjectable.swift in Sources */ = {isa = PBXBuildFile; fileRef = 40D3B0152A56B3E400E9A002 /* ViewControllerInjectable.swift */; };
/* End PBXBuildFile section */

/* Begin PBXContainerItemProxy section */
		40BA840E2C1D098A00F52408 /* PBXContainerItemProxy */ = {
			isa = PBXContainerItemProxy;
			containerPortal = 4011E8B62A4D9B6F003F06BF /* Project object */;
			proxyType = 1;
			remoteGlobalIDString = 4011E8BD2A4D9B6F003F06BF;
			remoteInfo = Xib_Playground;
		};
/* End PBXContainerItemProxy section */

/* Begin PBXFileReference section */
		1E0107352D4C86E900EE0EDC /* Sharedinstance.swift */ = {isa = PBXFileReference; lastKnownFileType = sourcecode.swift; path = Sharedinstance.swift; sourceTree = "<group>"; };
		1E3E3D502A67D6E500DB681F /* DesignableButton.swift */ = {isa = PBXFileReference; lastKnownFileType = sourcecode.swift; path = DesignableButton.swift; sourceTree = "<group>"; };
		1E514EDD2AAEDF2400C9CB9A /* DesignableView.swift */ = {isa = PBXFileReference; lastKnownFileType = sourcecode.swift; path = DesignableView.swift; sourceTree = "<group>"; };
		1E6CD0162BEE0AD00080B3FB /* HomeTableViewCell.swift */ = {isa = PBXFileReference; lastKnownFileType = sourcecode.swift; path = HomeTableViewCell.swift; sourceTree = "<group>"; };
		1E6CD0172BEE0AD00080B3FB /* HomeTableViewCell.xib */ = {isa = PBXFileReference; lastKnownFileType = file.xib; path = HomeTableViewCell.xib; sourceTree = "<group>"; };
		1E6CD01A2BEE0AED0080B3FB /* HomeCollectionViewCell.swift */ = {isa = PBXFileReference; lastKnownFileType = sourcecode.swift; path = HomeCollectionViewCell.swift; sourceTree = "<group>"; };
		1E6CD01B2BEE0AED0080B3FB /* HomeCollectionViewCell.xib */ = {isa = PBXFileReference; lastKnownFileType = file.xib; path = HomeCollectionViewCell.xib; sourceTree = "<group>"; };
		1E7081B92D001D2500063DBF /* UIKit_PlaygroundTests.xctest */ = {isa = PBXFileReference; explicitFileType = wrapper.cfbundle; includeInIndex = 0; path = UIKit_PlaygroundTests.xctest; sourceTree = BUILT_PRODUCTS_DIR; };
		1EC0E52E2AB2A967003DA972 /* DesignableTextField.swift */ = {isa = PBXFileReference; fileEncoding = 4; lastKnownFileType = sourcecode.swift; path = DesignableTextField.swift; sourceTree = "<group>"; };
		1EC0E52F2AB2A968003DA972 /* DesignableLabel.swift */ = {isa = PBXFileReference; fileEncoding = 4; lastKnownFileType = sourcecode.swift; path = DesignableLabel.swift; sourceTree = "<group>"; };
		1EC0E5302AB2A968003DA972 /* DesignableImageView.swift */ = {isa = PBXFileReference; fileEncoding = 4; lastKnownFileType = sourcecode.swift; path = DesignableImageView.swift; sourceTree = "<group>"; };
		1EC5A8452BA69465001455DC /* UITableViewExtension.swift */ = {isa = PBXFileReference; lastKnownFileType = sourcecode.swift; path = UITableViewExtension.swift; sourceTree = "<group>"; };
		1EC5A8472BA6958F001455DC /* UICollectionViewExtension.swift */ = {isa = PBXFileReference; lastKnownFileType = sourcecode.swift; path = UICollectionViewExtension.swift; sourceTree = "<group>"; };
		1EDDC9242D43169000D4C6D5 /* unicorn.mp3 */ = {isa = PBXFileReference; lastKnownFileType = audio.mp3; path = unicorn.mp3; sourceTree = "<group>"; };
		1EE5E4DE2C8AD3E300422E13 /* UIKit_Playground.app */ = {isa = PBXFileReference; explicitFileType = wrapper.application; includeInIndex = 0; path = UIKit_Playground.app; sourceTree = BUILT_PRODUCTS_DIR; };
		1EF7E62F2ADE49ED0032015B /* PressableMaterialButton.swift */ = {isa = PBXFileReference; lastKnownFileType = sourcecode.swift; path = PressableMaterialButton.swift; sourceTree = "<group>"; };
		4011E8CA2A4D9B70003F06BF /* Assets.xcassets */ = {isa = PBXFileReference; lastKnownFileType = folder.assetcatalog; path = Assets.xcassets; sourceTree = "<group>"; };
		4011E8CD2A4D9B70003F06BF /* Base */ = {isa = PBXFileReference; lastKnownFileType = file.storyboard; name = Base; path = Base.lproj/LaunchScreen.storyboard; sourceTree = "<group>"; };
		4011E8CF2A4D9B70003F06BF /* Info.plist */ = {isa = PBXFileReference; lastKnownFileType = text.plist.xml; path = Info.plist; sourceTree = "<group>"; };
		4011E8D52A4D9B81003F06BF /* WeatherViewController.swift */ = {isa = PBXFileReference; lastKnownFileType = sourcecode.swift; path = WeatherViewController.swift; sourceTree = "<group>"; };
		4011E8D62A4D9B81003F06BF /* WeatherViewController.xib */ = {isa = PBXFileReference; lastKnownFileType = file.xib; path = WeatherViewController.xib; sourceTree = "<group>"; };
		4011E8DC2A4D9D20003F06BF /* Colors.xcassets */ = {isa = PBXFileReference; lastKnownFileType = folder.assetcatalog; path = Colors.xcassets; sourceTree = "<group>"; };
		4011E8DE2A4D9D31003F06BF /* Localizable.strings */ = {isa = PBXFileReference; lastKnownFileType = text.plist.strings; path = Localizable.strings; sourceTree = "<group>"; };
		4011E8E52A4D9D67003F06BF /* Assets.swift */ = {isa = PBXFileReference; lastKnownFileType = sourcecode.swift; path = Assets.swift; sourceTree = "<group>"; };
		4011E8E72A4D9D6E003F06BF /* LocalizableStrings.swift */ = {isa = PBXFileReference; lastKnownFileType = sourcecode.swift; path = LocalizableStrings.swift; sourceTree = "<group>"; };
		4011E8E92A4D9D73003F06BF /* Fonts.swift */ = {isa = PBXFileReference; lastKnownFileType = sourcecode.swift; path = Fonts.swift; sourceTree = "<group>"; };
		4011E8EB2A4D9D8D003F06BF /* HomeViewModel.swift */ = {isa = PBXFileReference; lastKnownFileType = sourcecode.swift; path = HomeViewModel.swift; sourceTree = "<group>"; };
		4011E8F12A4D9E05003F06BF /* HomeModel.swift */ = {isa = PBXFileReference; lastKnownFileType = sourcecode.swift; path = HomeModel.swift; sourceTree = "<group>"; };
		4011E8F32A4D9ED9003F06BF /* Quicksand-VariableFont_wght.ttf */ = {isa = PBXFileReference; lastKnownFileType = file; path = "Quicksand-VariableFont_wght.ttf"; sourceTree = "<group>"; };
		408B993A2E65B0FB00D63223 /* UILabelExtension.swift */ = {isa = PBXFileReference; lastKnownFileType = sourcecode.swift; path = UILabelExtension.swift; sourceTree = "<group>"; };
		40A3355C2E7178FB0019A0B5 /* WeatherModuleBuilder.swift */ = {isa = PBXFileReference; lastKnownFileType = sourcecode.swift; path = WeatherModuleBuilder.swift; sourceTree = "<group>"; };
		40A3355E2E7179C40019A0B5 /* WeatherRouter.swift */ = {isa = PBXFileReference; lastKnownFileType = sourcecode.swift; path = WeatherRouter.swift; sourceTree = "<group>"; };
		40A335602E7193FB0019A0B5 /* WeatherInteractor.swift */ = {isa = PBXFileReference; lastKnownFileType = sourcecode.swift; path = WeatherInteractor.swift; sourceTree = "<group>"; };
		40A335622E71946A0019A0B5 /* WeatherPresenter.swift */ = {isa = PBXFileReference; lastKnownFileType = sourcecode.swift; path = WeatherPresenter.swift; sourceTree = "<group>"; };
		40A335642E71967D0019A0B5 /* Weather.swift */ = {isa = PBXFileReference; lastKnownFileType = sourcecode.swift; path = Weather.swift; sourceTree = "<group>"; };
		40A335662E71968F0019A0B5 /* WeatherAPIService.swift */ = {isa = PBXFileReference; lastKnownFileType = sourcecode.swift; path = WeatherAPIService.swift; sourceTree = "<group>"; };
		40A335682E71973C0019A0B5 /* WeatherError.swift */ = {isa = PBXFileReference; lastKnownFileType = sourcecode.swift; path = WeatherError.swift; sourceTree = "<group>"; };
		40BA840C2C1D098A00F52408 /* CalculatorTest.swift */ = {isa = PBXFileReference; lastKnownFileType = sourcecode.swift; path = CalculatorTest.swift; sourceTree = "<group>"; };
		40BA84132C1D09E200F52408 /* Calculator.swift */ = {isa = PBXFileReference; lastKnownFileType = sourcecode.swift; path = Calculator.swift; sourceTree = "<group>"; };
		40D3B0122A56B2CB00E9A002 /* NSObjectExtension.swift */ = {isa = PBXFileReference; lastKnownFileType = sourcecode.swift; path = NSObjectExtension.swift; sourceTree = "<group>"; };
		40D3B0152A56B3E400E9A002 /* ViewControllerInjectable.swift */ = {isa = PBXFileReference; lastKnownFileType = sourcecode.swift; path = ViewControllerInjectable.swift; sourceTree = "<group>"; };
/* End PBXFileReference section */

/* Begin PBXFileSystemSynchronizedRootGroup section */
		1EBB91222D2B7AE8006BB918 /* Firebase */ = {isa = PBXFileSystemSynchronizedRootGroup; explicitFileTypes = {}; explicitFolders = (); path = Firebase; sourceTree = "<group>"; };
		1EBB91D12D3487B3006BB918 /* Delegates */ = {isa = PBXFileSystemSynchronizedRootGroup; explicitFileTypes = {}; explicitFolders = (); path = Delegates; sourceTree = "<group>"; };
/* End PBXFileSystemSynchronizedRootGroup section */

/* Begin PBXFrameworksBuildPhase section */
		4011E8BB2A4D9B6F003F06BF /* Frameworks */ = {
			isa = PBXFrameworksBuildPhase;
			buildActionMask = 2147483647;
			files = (
				1EBB91052D2B6475006BB918 /* FirebaseInAppMessaging-Beta in Frameworks */,
				408B993E2E65B12E00D63223 /* StringStylizer in Frameworks */,
				1E83D5DF2C8AD15600D2AC3C /* RxRelay in Frameworks */,
				1EA913A02D2B63AD00863507 /* FirebaseAnalyticsWithoutAdIdSupport in Frameworks */,
				1EBB912E2D2B7B27006BB918 /* FirebaseInstallations in Frameworks */,
				1E83D5D52C8AD14300D2AC3C /* Action in Frameworks */,
				1EBB912C2D2B7B27006BB918 /* FirebaseFirestore in Frameworks */,
				1EA9139C2D2B63AD00863507 /* FirebaseAnalytics in Frameworks */,
				1EBB91262D2B7B27006BB918 /* FirebaseAuth in Frameworks */,
				1EBB91302D2B7B27006BB918 /* FirebaseMessaging in Frameworks */,
				1EBB912A2D2B7B27006BB918 /* FirebaseDatabase in Frameworks */,
				1EE5E4E22C8AD93200422E13 /* SwiftFormat in Frameworks */,
				1EBB91342D2B7B27006BB918 /* FirebaseStorage in Frameworks */,
				1EA9139E2D2B63AD00863507 /* FirebaseAnalyticsOnDeviceConversion in Frameworks */,
				1E83D5DB2C8AD15600D2AC3C /* RxCocoa in Frameworks */,
				400EE06E2D0D9F1E0005E586 /* RxDataSources in Frameworks */,
				40A481092D0130040015C565 /* PINRemoteImage in Frameworks */,
				1E83D5D72C8AD15600D2AC3C /* RxBlocking in Frameworks */,
				1EBB91282D2B7B27006BB918 /* FirebaseCrashlytics in Frameworks */,
				1EA913A22D2B63AD00863507 /* FirebaseAppCheck in Frameworks */,
				1EA913A42D2B63AD00863507 /* FirebaseAppDistribution-Beta in Frameworks */,
				1EBB91322D2B7B27006BB918 /* FirebaseRemoteConfig in Frameworks */,
			);
			runOnlyForDeploymentPostprocessing = 0;
		};
		40BA84072C1D098A00F52408 /* Frameworks */ = {
			isa = PBXFrameworksBuildPhase;
			buildActionMask = 2147483647;
			files = (
			);
			runOnlyForDeploymentPostprocessing = 0;
		};
/* End PBXFrameworksBuildPhase section */

/* Begin PBXGroup section */
		1E3E3D4F2A67D6D500DB681F /* DesignableComponents */ = {
			isa = PBXGroup;
			children = (
				1E3E3D502A67D6E500DB681F /* DesignableButton.swift */,
				1E514EDD2AAEDF2400C9CB9A /* DesignableView.swift */,
				1EC0E5302AB2A968003DA972 /* DesignableImageView.swift */,
				1EC0E52F2AB2A968003DA972 /* DesignableLabel.swift */,
				1EC0E52E2AB2A967003DA972 /* DesignableTextField.swift */,
				1EF7E62F2ADE49ED0032015B /* PressableMaterialButton.swift */,
			);
			path = DesignableComponents;
			sourceTree = "<group>";
		};
		1E62EE6A2AD7AAEE0031CB1B /* TableViewCells */ = {
			isa = PBXGroup;
			children = (
				1E6CD0162BEE0AD00080B3FB /* HomeTableViewCell.swift */,
				1E6CD0172BEE0AD00080B3FB /* HomeTableViewCell.xib */,
			);
			path = TableViewCells;
			sourceTree = "<group>";
		};
		1E62EE6B2AD7AAF70031CB1B /* CollectionViewCells */ = {
			isa = PBXGroup;
			children = (
				1E6CD01A2BEE0AED0080B3FB /* HomeCollectionViewCell.swift */,
				1E6CD01B2BEE0AED0080B3FB /* HomeCollectionViewCell.xib */,
			);
			path = CollectionViewCells;
			sourceTree = "<group>";
		};
		4011E8B52A4D9B6F003F06BF = {
			isa = PBXGroup;
			children = (
				4011E8C02A4D9B6F003F06BF /* UIKit_Playground */,
				40BA840B2C1D098A00F52408 /* UIKit_PlaygroundTests */,
				1EE5E4DE2C8AD3E300422E13 /* UIKit_Playground.app */,
				1E7081B92D001D2500063DBF /* UIKit_PlaygroundTests.xctest */,
			);
			sourceTree = "<group>";
		};
		4011E8C02A4D9B6F003F06BF /* UIKit_Playground */ = {
			isa = PBXGroup;
			children = (
				4011E8DB2A4D9CCD003F06BF /* Resources */,
				4011E8DA2A4D9CC9003F06BF /* Sources */,
				4011E8D92A4D9CC2003F06BF /* Generated */,
				1EBB91D12D3487B3006BB918 /* Delegates */,
			);
			path = UIKit_Playground;
			sourceTree = "<group>";
		};
		4011E8D92A4D9CC2003F06BF /* Generated */ = {
			isa = PBXGroup;
			children = (
				4011E8E52A4D9D67003F06BF /* Assets.swift */,
				4011E8E72A4D9D6E003F06BF /* LocalizableStrings.swift */,
				4011E8E92A4D9D73003F06BF /* Fonts.swift */,
			);
			path = Generated;
			sourceTree = "<group>";
		};
		4011E8DA2A4D9CC9003F06BF /* Sources */ = {
			isa = PBXGroup;
			children = (
				4011E8E42A4D9D51003F06BF /* Models */,
				4011E8E32A4D9D4D003F06BF /* Views */,
				4011E8E12A4D9D43003F06BF /* ViewControllers */,
				4011E8E22A4D9D49003F06BF /* ViewModels */,
				40D3B0112A56B2BC00E9A002 /* Extensions */,
				40D3B0142A56B3CF00E9A002 /* Protocols */,
			);
			path = Sources;
			sourceTree = "<group>";
		};
		4011E8DB2A4D9CCD003F06BF /* Resources */ = {
			isa = PBXGroup;
			children = (
				1EBB91222D2B7AE8006BB918 /* Firebase */,
				4011E8CA2A4D9B70003F06BF /* Assets.xcassets */,
				4011E8DC2A4D9D20003F06BF /* Colors.xcassets */,
				4011E8DE2A4D9D31003F06BF /* Localizable.strings */,
				1EDDC9242D43169000D4C6D5 /* unicorn.mp3 */,
				4011E8CC2A4D9B70003F06BF /* LaunchScreen.storyboard */,
				4011E8CF2A4D9B70003F06BF /* Info.plist */,
				4011E8E02A4D9D38003F06BF /* Font */,
			);
			path = Resources;
			sourceTree = "<group>";
		};
		4011E8E02A4D9D38003F06BF /* Font */ = {
			isa = PBXGroup;
			children = (
				4011E8F32A4D9ED9003F06BF /* Quicksand-VariableFont_wght.ttf */,
			);
			path = Font;
			sourceTree = "<group>";
		};
		4011E8E12A4D9D43003F06BF /* ViewControllers */ = {
			isa = PBXGroup;
			children = (
				4011E8D52A4D9B81003F06BF /* WeatherViewController.swift */,
				4011E8D62A4D9B81003F06BF /* WeatherViewController.xib */,
			);
			path = ViewControllers;
			sourceTree = "<group>";
		};
		4011E8E22A4D9D49003F06BF /* ViewModels */ = {
			isa = PBXGroup;
			children = (
				4011E8EB2A4D9D8D003F06BF /* HomeViewModel.swift */,
			);
			path = ViewModels;
			sourceTree = "<group>";
		};
		4011E8E32A4D9D4D003F06BF /* Views */ = {
			isa = PBXGroup;
			children = (
				1E62EE6A2AD7AAEE0031CB1B /* TableViewCells */,
				1E62EE6B2AD7AAF70031CB1B /* CollectionViewCells */,
				1E3E3D4F2A67D6D500DB681F /* DesignableComponents */,
			);
			path = Views;
			sourceTree = "<group>";
		};
		4011E8E42A4D9D51003F06BF /* Models */ = {
			isa = PBXGroup;
			children = (
				4011E8F12A4D9E05003F06BF /* HomeModel.swift */,
				40BA84132C1D09E200F52408 /* Calculator.swift */,
				1E0107352D4C86E900EE0EDC /* Sharedinstance.swift */,
			);
			path = Models;
			sourceTree = "<group>";
		};
		40BA840B2C1D098A00F52408 /* UIKit_PlaygroundTests */ = {
			isa = PBXGroup;
			children = (
				40BA840C2C1D098A00F52408 /* CalculatorTest.swift */,
			);
			path = UIKit_PlaygroundTests;
			sourceTree = "<group>";
		};
		40D3B0112A56B2BC00E9A002 /* Extensions */ = {
			isa = PBXGroup;
			children = (
				40D3B0122A56B2CB00E9A002 /* NSObjectExtension.swift */,
				1EC5A8452BA69465001455DC /* UITableViewExtension.swift */,
				1EC5A8472BA6958F001455DC /* UICollectionViewExtension.swift */,
				408B993A2E65B0FB00D63223 /* UILabelExtension.swift */,
				40A3355C2E7178FB0019A0B5 /* WeatherModuleBuilder.swift */,
				40A3355E2E7179C40019A0B5 /* WeatherRouter.swift */,
				40A335602E7193FB0019A0B5 /* WeatherInteractor.swift */,
				40A335622E71946A0019A0B5 /* WeatherPresenter.swift */,
				40A335642E71967D0019A0B5 /* Weather.swift */,
				40A335662E71968F0019A0B5 /* WeatherAPIService.swift */,
				40A335682E71973C0019A0B5 /* WeatherError.swift */,
			);
			path = Extensions;
			sourceTree = "<group>";
		};
		40D3B0142A56B3CF00E9A002 /* Protocols */ = {
			isa = PBXGroup;
			children = (
				40D3B0152A56B3E400E9A002 /* ViewControllerInjectable.swift */,
			);
			path = Protocols;
			sourceTree = "<group>";
		};
/* End PBXGroup section */

/* Begin PBXNativeTarget section */
		4011E8BD2A4D9B6F003F06BF /* UIKit_Playground */ = {
			isa = PBXNativeTarget;
			buildConfigurationList = 4011E8D22A4D9B70003F06BF /* Build configuration list for PBXNativeTarget "UIKit_Playground" */;
			buildPhases = (
				4011E8BA2A4D9B6F003F06BF /* Sources */,
				4011E8BB2A4D9B6F003F06BF /* Frameworks */,
				4011E8BC2A4D9B6F003F06BF /* Resources */,
				4011E8F52A4DA04B003F06BF /* SwiftLint */,
			);
			buildRules = (
			);
			dependencies = (
			);
			fileSystemSynchronizedGroups = (
				1EBB91222D2B7AE8006BB918 /* Firebase */,
				1EBB91D12D3487B3006BB918 /* Delegates */,
			);
			name = UIKit_Playground;
			packageProductDependencies = (
				1E83D5D42C8AD14300D2AC3C /* Action */,
				1E83D5D62C8AD15600D2AC3C /* RxBlocking */,
				1E83D5DA2C8AD15600D2AC3C /* RxCocoa */,
				1E83D5DE2C8AD15600D2AC3C /* RxRelay */,
				1EE5E4E12C8AD93200422E13 /* SwiftFormat */,
				40A481082D0130040015C565 /* PINRemoteImage */,
				400EE06D2D0D9F1E0005E586 /* RxDataSources */,
				1EA9139B2D2B63AD00863507 /* FirebaseAnalytics */,
				1EA9139D2D2B63AD00863507 /* FirebaseAnalyticsOnDeviceConversion */,
				1EA9139F2D2B63AD00863507 /* FirebaseAnalyticsWithoutAdIdSupport */,
				1EA913A12D2B63AD00863507 /* FirebaseAppCheck */,
				1EA913A32D2B63AD00863507 /* FirebaseAppDistribution-Beta */,
				1EBB91042D2B6475006BB918 /* FirebaseInAppMessaging-Beta */,
				1EBB91252D2B7B27006BB918 /* FirebaseAuth */,
				1EBB91272D2B7B27006BB918 /* FirebaseCrashlytics */,
				1EBB91292D2B7B27006BB918 /* FirebaseDatabase */,
				1EBB912B2D2B7B27006BB918 /* FirebaseFirestore */,
				1EBB912D2D2B7B27006BB918 /* FirebaseInstallations */,
				1EBB912F2D2B7B27006BB918 /* FirebaseMessaging */,
				1EBB91312D2B7B27006BB918 /* FirebaseRemoteConfig */,
				1EBB91332D2B7B27006BB918 /* FirebaseStorage */,
				408B993D2E65B12E00D63223 /* StringStylizer */,
			);
			productName = Xib_Playground;
			productReference = 1EE5E4DE2C8AD3E300422E13 /* UIKit_Playground.app */;
			productType = "com.apple.product-type.application";
		};
		40BA84092C1D098A00F52408 /* UIKit_PlaygroundTests */ = {
			isa = PBXNativeTarget;
			buildConfigurationList = 40BA84122C1D098A00F52408 /* Build configuration list for PBXNativeTarget "UIKit_PlaygroundTests" */;
			buildPhases = (
				40BA84062C1D098A00F52408 /* Sources */,
				40BA84072C1D098A00F52408 /* Frameworks */,
				40BA84082C1D098A00F52408 /* Resources */,
			);
			buildRules = (
			);
			dependencies = (
				40BA840F2C1D098A00F52408 /* PBXTargetDependency */,
			);
			name = UIKit_PlaygroundTests;
			productName = Xib_PlaygroundTests;
			productReference = 1E7081B92D001D2500063DBF /* UIKit_PlaygroundTests.xctest */;
			productType = "com.apple.product-type.bundle.unit-test";
		};
/* End PBXNativeTarget section */

/* Begin PBXProject section */
		4011E8B62A4D9B6F003F06BF /* Project object */ = {
			isa = PBXProject;
			attributes = {
				BuildIndependentTargetsInParallel = 1;
				LastSwiftUpdateCheck = 1530;
				LastUpgradeCheck = 1420;
				TargetAttributes = {
					4011E8BD2A4D9B6F003F06BF = {
						CreatedOnToolsVersion = 14.2;
					};
					40BA84092C1D098A00F52408 = {
						CreatedOnToolsVersion = 15.3;
						TestTargetID = 4011E8BD2A4D9B6F003F06BF;
					};
				};
			};
			buildConfigurationList = 4011E8B92A4D9B6F003F06BF /* Build configuration list for PBXProject "UIKit_Playground" */;
			compatibilityVersion = "Xcode 14.0";
			developmentRegion = en;
			hasScannedForEncodings = 0;
			knownRegions = (
				en,
				Base,
			);
			mainGroup = 4011E8B52A4D9B6F003F06BF;
			packageReferences = (
				1E83D5D12C8AD05E00D2AC3C /* XCRemoteSwiftPackageReference "RxSwift" */,
				1E83D5D22C8AD07C00D2AC3C /* XCRemoteSwiftPackageReference "SwiftGen" */,
				1E83D5D32C8AD08900D2AC3C /* XCRemoteSwiftPackageReference "Action" */,
				1EE5E4E02C8AD93200422E13 /* XCRemoteSwiftPackageReference "SwiftFormat" */,
				40A481072D0130040015C565 /* XCRemoteSwiftPackageReference "PINRemoteImage" */,
				400EE06C2D0D9F1E0005E586 /* XCRemoteSwiftPackageReference "RxDataSources" */,
				1EA9139A2D2B63AD00863507 /* XCRemoteSwiftPackageReference "firebase-ios-sdk" */,
				408B993C2E65B12E00D63223 /* XCRemoteSwiftPackageReference "StringStylizer" */,
			);
			productRefGroup = 4011E8B52A4D9B6F003F06BF;
			projectDirPath = "";
			projectRoot = "";
			targets = (
				4011E8BD2A4D9B6F003F06BF /* UIKit_Playground */,
				40BA84092C1D098A00F52408 /* UIKit_PlaygroundTests */,
			);
		};
/* End PBXProject section */

/* Begin PBXResourcesBuildPhase section */
		4011E8BC2A4D9B6F003F06BF /* Resources */ = {
			isa = PBXResourcesBuildPhase;
			buildActionMask = 2147483647;
			files = (
				4011E8DF2A4D9D31003F06BF /* Localizable.strings in Resources */,
				4011E8CE2A4D9B70003F06BF /* LaunchScreen.storyboard in Resources */,
				1EDDC9252D43169000D4C6D5 /* unicorn.mp3 in Resources */,
				1E6CD0182BEE0AD00080B3FB /* HomeTableViewCell.xib in Resources */,
				1E6CD01C2BEE0AED0080B3FB /* HomeCollectionViewCell.xib in Resources */,
				4011E8DD2A4D9D20003F06BF /* Colors.xcassets in Resources */,
				4011E8CB2A4D9B70003F06BF /* Assets.xcassets in Resources */,
				4011E8D82A4D9B81003F06BF /* WeatherViewController.xib in Resources */,
				4011E8F42A4D9ED9003F06BF /* Quicksand-VariableFont_wght.ttf in Resources */,
			);
			runOnlyForDeploymentPostprocessing = 0;
		};
		40BA84082C1D098A00F52408 /* Resources */ = {
			isa = PBXResourcesBuildPhase;
			buildActionMask = 2147483647;
			files = (
			);
			runOnlyForDeploymentPostprocessing = 0;
		};
/* End PBXResourcesBuildPhase section */

/* Begin PBXShellScriptBuildPhase section */
		4011E8F52A4DA04B003F06BF /* SwiftLint */ = {
			isa = PBXShellScriptBuildPhase;
			alwaysOutOfDate = 1;
			buildActionMask = 2147483647;
			files = (
			);
			inputFileListPaths = (
			);
			inputPaths = (
			);
			name = SwiftLint;
			outputFileListPaths = (
			);
			outputPaths = (
			);
			runOnlyForDeploymentPostprocessing = 0;
			shellPath = /bin/sh;
			shellScript = "export PATH=\"$PATH:/opt/homebrew/bin\"\nif which swiftlint >/dev/null; then\n  swiftlint autocorrect --format # 自動修正の有効化\n  swiftlint\nelse\n  echo \"SwiftLint does not exist, download from https://github.com/realm/SwiftLint\"\nfi\n";
			showEnvVarsInLog = 0;
		};
/* End PBXShellScriptBuildPhase section */

/* Begin PBXSourcesBuildPhase section */
		4011E8BA2A4D9B6F003F06BF /* Sources */ = {
			isa = PBXSourcesBuildPhase;
			buildActionMask = 2147483647;
			files = (
				1EC0E5332AB2A968003DA972 /* DesignableImageView.swift in Sources */,
				40A335632E71946A0019A0B5 /* WeatherPresenter.swift in Sources */,
				40A335612E7193FB0019A0B5 /* WeatherInteractor.swift in Sources */,
				40BA84142C1D09E200F52408 /* Calculator.swift in Sources */,
				40D3B0132A56B2CB00E9A002 /* NSObjectExtension.swift in Sources */,
				4011E8F22A4D9E05003F06BF /* HomeModel.swift in Sources */,
				1EC5A8462BA69465001455DC /* UITableViewExtension.swift in Sources */,
				1EC0E5312AB2A968003DA972 /* DesignableTextField.swift in Sources */,
				1E6CD0192BEE0AD00080B3FB /* HomeTableViewCell.swift in Sources */,
				40A335672E71968F0019A0B5 /* WeatherAPIService.swift in Sources */,
				1E514EDE2AAEDF2400C9CB9A /* DesignableView.swift in Sources */,
				4011E8E82A4D9D6E003F06BF /* LocalizableStrings.swift in Sources */,
				1EF7E6302ADE49ED0032015B /* PressableMaterialButton.swift in Sources */,
				4011E8E62A4D9D67003F06BF /* Assets.swift in Sources */,
				4011E8EA2A4D9D74003F06BF /* Fonts.swift in Sources */,
				1EC0E5322AB2A968003DA972 /* DesignableLabel.swift in Sources */,
				40D3B0162A56B3E400E9A002 /* ViewControllerInjectable.swift in Sources */,
				40A3355F2E7179C40019A0B5 /* WeatherRouter.swift in Sources */,
				1E6CD01D2BEE0AED0080B3FB /* HomeCollectionViewCell.swift in Sources */,
				40A335652E71967D0019A0B5 /* Weather.swift in Sources */,
				1E0107362D4C86E900EE0EDC /* Sharedinstance.swift in Sources */,
				40A3355D2E7178FB0019A0B5 /* WeatherModuleBuilder.swift in Sources */,
				4011E8EC2A4D9D8D003F06BF /* HomeViewModel.swift in Sources */,
				40A335692E71973C0019A0B5 /* WeatherError.swift in Sources */,
				1EC5A8482BA6958F001455DC /* UICollectionViewExtension.swift in Sources */,
				4011E8D72A4D9B81003F06BF /* WeatherViewController.swift in Sources */,
				408B993B2E65B0FB00D63223 /* UILabelExtension.swift in Sources */,
				1E3E3D512A67D6E500DB681F /* DesignableButton.swift in Sources */,
			);
			runOnlyForDeploymentPostprocessing = 0;
		};
		40BA84062C1D098A00F52408 /* Sources */ = {
			isa = PBXSourcesBuildPhase;
			buildActionMask = 2147483647;
			files = (
				40BA840D2C1D098A00F52408 /* CalculatorTest.swift in Sources */,
			);
			runOnlyForDeploymentPostprocessing = 0;
		};
/* End PBXSourcesBuildPhase section */

/* Begin PBXTargetDependency section */
		40BA840F2C1D098A00F52408 /* PBXTargetDependency */ = {
			isa = PBXTargetDependency;
			target = 4011E8BD2A4D9B6F003F06BF /* UIKit_Playground */;
			targetProxy = 40BA840E2C1D098A00F52408 /* PBXContainerItemProxy */;
		};
/* End PBXTargetDependency section */

/* Begin PBXVariantGroup section */
		4011E8CC2A4D9B70003F06BF /* LaunchScreen.storyboard */ = {
			isa = PBXVariantGroup;
			children = (
				4011E8CD2A4D9B70003F06BF /* Base */,
			);
			name = LaunchScreen.storyboard;
			sourceTree = "<group>";
		};
/* End PBXVariantGroup section */

/* Begin XCBuildConfiguration section */
		4011E8D02A4D9B70003F06BF /* Debug */ = {
			isa = XCBuildConfiguration;
			buildSettings = {
				ALWAYS_SEARCH_USER_PATHS = NO;
				CLANG_ANALYZER_NONNULL = YES;
				CLANG_ANALYZER_NUMBER_OBJECT_CONVERSION = YES_AGGRESSIVE;
				CLANG_CXX_LANGUAGE_STANDARD = "gnu++20";
				CLANG_ENABLE_MODULES = YES;
				CLANG_ENABLE_OBJC_ARC = YES;
				CLANG_ENABLE_OBJC_WEAK = YES;
				CLANG_WARN_BLOCK_CAPTURE_AUTORELEASING = YES;
				CLANG_WARN_BOOL_CONVERSION = YES;
				CLANG_WARN_COMMA = YES;
				CLANG_WARN_CONSTANT_CONVERSION = YES;
				CLANG_WARN_DEPRECATED_OBJC_IMPLEMENTATIONS = YES;
				CLANG_WARN_DIRECT_OBJC_ISA_USAGE = YES_ERROR;
				CLANG_WARN_DOCUMENTATION_COMMENTS = YES;
				CLANG_WARN_EMPTY_BODY = YES;
				CLANG_WARN_ENUM_CONVERSION = YES;
				CLANG_WARN_INFINITE_RECURSION = YES;
				CLANG_WARN_INT_CONVERSION = YES;
				CLANG_WARN_NON_LITERAL_NULL_CONVERSION = YES;
				CLANG_WARN_OBJC_IMPLICIT_RETAIN_SELF = YES;
				CLANG_WARN_OBJC_LITERAL_CONVERSION = YES;
				CLANG_WARN_OBJC_ROOT_CLASS = YES_ERROR;
				CLANG_WARN_QUOTED_INCLUDE_IN_FRAMEWORK_HEADER = YES;
				CLANG_WARN_RANGE_LOOP_ANALYSIS = YES;
				CLANG_WARN_STRICT_PROTOTYPES = YES;
				CLANG_WARN_SUSPICIOUS_MOVE = YES;
				CLANG_WARN_UNGUARDED_AVAILABILITY = YES_AGGRESSIVE;
				CLANG_WARN_UNREACHABLE_CODE = YES;
				CLANG_WARN__DUPLICATE_METHOD_MATCH = YES;
				COPY_PHASE_STRIP = NO;
				DEBUG_INFORMATION_FORMAT = dwarf;
				ENABLE_STRICT_OBJC_MSGSEND = YES;
				ENABLE_TESTABILITY = YES;
				GCC_C_LANGUAGE_STANDARD = gnu11;
				GCC_DYNAMIC_NO_PIC = NO;
				GCC_NO_COMMON_BLOCKS = YES;
				GCC_OPTIMIZATION_LEVEL = 0;
				GCC_PREPROCESSOR_DEFINITIONS = (
					"DEBUG=1",
					"$(inherited)",
				);
				GCC_WARN_64_TO_32_BIT_CONVERSION = YES;
				GCC_WARN_ABOUT_RETURN_TYPE = YES_ERROR;
				GCC_WARN_UNDECLARED_SELECTOR = YES;
				GCC_WARN_UNINITIALIZED_AUTOS = YES_AGGRESSIVE;
				GCC_WARN_UNUSED_FUNCTION = YES;
				GCC_WARN_UNUSED_VARIABLE = YES;
				IPHONEOS_DEPLOYMENT_TARGET = 16.0;
				MTL_ENABLE_DEBUG_INFO = INCLUDE_SOURCE;
				MTL_FAST_MATH = YES;
				ONLY_ACTIVE_ARCH = YES;
				SDKROOT = iphoneos;
				SWIFT_ACTIVE_COMPILATION_CONDITIONS = DEBUG;
				SWIFT_OPTIMIZATION_LEVEL = "-Onone";
			};
			name = Debug;
		};
		4011E8D12A4D9B70003F06BF /* Release */ = {
			isa = XCBuildConfiguration;
			buildSettings = {
				ALWAYS_SEARCH_USER_PATHS = NO;
				CLANG_ANALYZER_NONNULL = YES;
				CLANG_ANALYZER_NUMBER_OBJECT_CONVERSION = YES_AGGRESSIVE;
				CLANG_CXX_LANGUAGE_STANDARD = "gnu++20";
				CLANG_ENABLE_MODULES = YES;
				CLANG_ENABLE_OBJC_ARC = YES;
				CLANG_ENABLE_OBJC_WEAK = YES;
				CLANG_WARN_BLOCK_CAPTURE_AUTORELEASING = YES;
				CLANG_WARN_BOOL_CONVERSION = YES;
				CLANG_WARN_COMMA = YES;
				CLANG_WARN_CONSTANT_CONVERSION = YES;
				CLANG_WARN_DEPRECATED_OBJC_IMPLEMENTATIONS = YES;
				CLANG_WARN_DIRECT_OBJC_ISA_USAGE = YES_ERROR;
				CLANG_WARN_DOCUMENTATION_COMMENTS = YES;
				CLANG_WARN_EMPTY_BODY = YES;
				CLANG_WARN_ENUM_CONVERSION = YES;
				CLANG_WARN_INFINITE_RECURSION = YES;
				CLANG_WARN_INT_CONVERSION = YES;
				CLANG_WARN_NON_LITERAL_NULL_CONVERSION = YES;
				CLANG_WARN_OBJC_IMPLICIT_RETAIN_SELF = YES;
				CLANG_WARN_OBJC_LITERAL_CONVERSION = YES;
				CLANG_WARN_OBJC_ROOT_CLASS = YES_ERROR;
				CLANG_WARN_QUOTED_INCLUDE_IN_FRAMEWORK_HEADER = YES;
				CLANG_WARN_RANGE_LOOP_ANALYSIS = YES;
				CLANG_WARN_STRICT_PROTOTYPES = YES;
				CLANG_WARN_SUSPICIOUS_MOVE = YES;
				CLANG_WARN_UNGUARDED_AVAILABILITY = YES_AGGRESSIVE;
				CLANG_WARN_UNREACHABLE_CODE = YES;
				CLANG_WARN__DUPLICATE_METHOD_MATCH = YES;
				COPY_PHASE_STRIP = NO;
				DEBUG_INFORMATION_FORMAT = "dwarf-with-dsym";
				ENABLE_NS_ASSERTIONS = NO;
				ENABLE_STRICT_OBJC_MSGSEND = YES;
				GCC_C_LANGUAGE_STANDARD = gnu11;
				GCC_NO_COMMON_BLOCKS = YES;
				GCC_WARN_64_TO_32_BIT_CONVERSION = YES;
				GCC_WARN_ABOUT_RETURN_TYPE = YES_ERROR;
				GCC_WARN_UNDECLARED_SELECTOR = YES;
				GCC_WARN_UNINITIALIZED_AUTOS = YES_AGGRESSIVE;
				GCC_WARN_UNUSED_FUNCTION = YES;
				GCC_WARN_UNUSED_VARIABLE = YES;
				IPHONEOS_DEPLOYMENT_TARGET = 16.0;
				MTL_ENABLE_DEBUG_INFO = NO;
				MTL_FAST_MATH = YES;
				SDKROOT = iphoneos;
				SWIFT_COMPILATION_MODE = wholemodule;
				SWIFT_OPTIMIZATION_LEVEL = "-O";
				VALIDATE_PRODUCT = YES;
			};
			name = Release;
		};
		4011E8D32A4D9B70003F06BF /* Debug */ = {
			isa = XCBuildConfiguration;
			buildSettings = {
				ASSETCATALOG_COMPILER_APPICON_NAME = AppIcon;
				ASSETCATALOG_COMPILER_GLOBAL_ACCENT_COLOR_NAME = AccentColor;
				CODE_SIGN_STYLE = Automatic;
				CURRENT_PROJECT_VERSION = 1.0.0;
				DEVELOPMENT_TEAM = L6Q3MJXV23;
				GENERATE_INFOPLIST_FILE = YES;
				INFOPLIST_FILE = UIKit_Playground/Resources/Info.plist;
				INFOPLIST_KEY_CFBundleDisplayName = UIKit_Play;
				INFOPLIST_KEY_LSApplicationCategoryType = "public.app-category.education";
				INFOPLIST_KEY_NSLocationAlwaysAndWhenInUseUsageDescription = "位置情報を利用します";
				INFOPLIST_KEY_NSLocationWhenInUseUsageDescription = "位置情報を利用します";
				INFOPLIST_KEY_UIApplicationSupportsIndirectInputEvents = YES;
				INFOPLIST_KEY_UILaunchStoryboardName = LaunchScreen;
				INFOPLIST_KEY_UISupportedInterfaceOrientations = UIInterfaceOrientationPortrait;
				INFOPLIST_KEY_UISupportedInterfaceOrientations_iPad = "UIInterfaceOrientationLandscapeLeft UIInterfaceOrientationLandscapeRight UIInterfaceOrientationPortrait UIInterfaceOrientationPortraitUpsideDown";
				INFOPLIST_KEY_UIUserInterfaceStyle = Light;
				LD_RUNPATH_SEARCH_PATHS = (
					"$(inherited)",
					"@executable_path/Frameworks",
				);
				MARKETING_VERSION = 1.0.0;
				PRODUCT_BUNDLE_IDENTIFIER = "com.masa4y44-.masaya.nakakuki.UIKit-Playground";
				PRODUCT_NAME = "$(TARGET_NAME)";
				SUPPORTED_PLATFORMS = "iphoneos iphonesimulator";
				SUPPORTS_MACCATALYST = NO;
				SUPPORTS_MAC_DESIGNED_FOR_IPHONE_IPAD = NO;
				SUPPORTS_XR_DESIGNED_FOR_IPHONE_IPAD = NO;
				SWIFT_EMIT_LOC_STRINGS = YES;
				SWIFT_VERSION = 5.0;
				TARGETED_DEVICE_FAMILY = 1;
			};
			name = Debug;
		};
		4011E8D42A4D9B70003F06BF /* Release */ = {
			isa = XCBuildConfiguration;
			buildSettings = {
				ASSETCATALOG_COMPILER_APPICON_NAME = AppIcon;
				ASSETCATALOG_COMPILER_GLOBAL_ACCENT_COLOR_NAME = AccentColor;
				CODE_SIGN_STYLE = Automatic;
				CURRENT_PROJECT_VERSION = 1.0.0;
				DEVELOPMENT_TEAM = L6Q3MJXV23;
				GENERATE_INFOPLIST_FILE = YES;
				INFOPLIST_FILE = UIKit_Playground/Resources/Info.plist;
				INFOPLIST_KEY_CFBundleDisplayName = UIKit_Play;
				INFOPLIST_KEY_LSApplicationCategoryType = "public.app-category.education";
				INFOPLIST_KEY_NSLocationAlwaysAndWhenInUseUsageDescription = "位置情報を利用します";
				INFOPLIST_KEY_NSLocationWhenInUseUsageDescription = "位置情報を利用します";
				INFOPLIST_KEY_UIApplicationSupportsIndirectInputEvents = YES;
				INFOPLIST_KEY_UILaunchStoryboardName = LaunchScreen;
				INFOPLIST_KEY_UISupportedInterfaceOrientations = UIInterfaceOrientationPortrait;
				INFOPLIST_KEY_UISupportedInterfaceOrientations_iPad = "UIInterfaceOrientationLandscapeLeft UIInterfaceOrientationLandscapeRight UIInterfaceOrientationPortrait UIInterfaceOrientationPortraitUpsideDown";
				INFOPLIST_KEY_UIUserInterfaceStyle = Light;
				LD_RUNPATH_SEARCH_PATHS = (
					"$(inherited)",
					"@executable_path/Frameworks",
				);
				MARKETING_VERSION = 1.0.0;
				PRODUCT_BUNDLE_IDENTIFIER = "com.masa4y44-.masaya.nakakuki.UIKit-Playground";
				PRODUCT_NAME = "$(TARGET_NAME)";
				SUPPORTED_PLATFORMS = "iphoneos iphonesimulator";
				SUPPORTS_MACCATALYST = NO;
				SUPPORTS_MAC_DESIGNED_FOR_IPHONE_IPAD = NO;
				SUPPORTS_XR_DESIGNED_FOR_IPHONE_IPAD = NO;
				SWIFT_EMIT_LOC_STRINGS = YES;
				SWIFT_VERSION = 5.0;
				TARGETED_DEVICE_FAMILY = 1;
			};
			name = Release;
		};
		40BA84102C1D098A00F52408 /* Debug */ = {
			isa = XCBuildConfiguration;
			buildSettings = {
				ASSETCATALOG_COMPILER_GENERATE_SWIFT_ASSET_SYMBOL_EXTENSIONS = YES;
				BUNDLE_LOADER = "$(TEST_HOST)";
				CODE_SIGN_STYLE = Automatic;
				CURRENT_PROJECT_VERSION = 1;
				DEVELOPMENT_TEAM = L6Q3MJXV23;
				ENABLE_USER_SCRIPT_SANDBOXING = YES;
				GCC_C_LANGUAGE_STANDARD = gnu17;
				GENERATE_INFOPLIST_FILE = YES;
				IPHONEOS_DEPLOYMENT_TARGET = 16.0;
				LOCALIZATION_PREFERS_STRING_CATALOGS = YES;
				MARKETING_VERSION = 1.0;
				PRODUCT_BUNDLE_IDENTIFIER = "com.masa4y44-.masaya.nakakuki.Xib-PlaygroundTests";
				PRODUCT_NAME = "$(TARGET_NAME)";
				SUPPORTED_PLATFORMS = "iphoneos iphonesimulator";
				SUPPORTS_MACCATALYST = NO;
				SUPPORTS_MAC_DESIGNED_FOR_IPHONE_IPAD = NO;
				SUPPORTS_XR_DESIGNED_FOR_IPHONE_IPAD = NO;
				SWIFT_ACTIVE_COMPILATION_CONDITIONS = "DEBUG $(inherited)";
				SWIFT_EMIT_LOC_STRINGS = NO;
				SWIFT_VERSION = 5.0;
				TARGETED_DEVICE_FAMILY = 1;
				TEST_HOST = "$(BUILT_PRODUCTS_DIR)/UIKit_Playground.app/$(BUNDLE_EXECUTABLE_FOLDER_PATH)/UIKit_Playground";
			};
			name = Debug;
		};
		40BA84112C1D098A00F52408 /* Release */ = {
			isa = XCBuildConfiguration;
			buildSettings = {
				ASSETCATALOG_COMPILER_GENERATE_SWIFT_ASSET_SYMBOL_EXTENSIONS = YES;
				BUNDLE_LOADER = "$(TEST_HOST)";
				CODE_SIGN_STYLE = Automatic;
				CURRENT_PROJECT_VERSION = 1;
				DEVELOPMENT_TEAM = L6Q3MJXV23;
				ENABLE_USER_SCRIPT_SANDBOXING = YES;
				GCC_C_LANGUAGE_STANDARD = gnu17;
				GENERATE_INFOPLIST_FILE = YES;
				IPHONEOS_DEPLOYMENT_TARGET = 16.0;
				LOCALIZATION_PREFERS_STRING_CATALOGS = YES;
				MARKETING_VERSION = 1.0;
				PRODUCT_BUNDLE_IDENTIFIER = "com.masa4y44-.masaya.nakakuki.Xib-PlaygroundTests";
				PRODUCT_NAME = "$(TARGET_NAME)";
				SUPPORTED_PLATFORMS = "iphoneos iphonesimulator";
				SUPPORTS_MACCATALYST = NO;
				SUPPORTS_MAC_DESIGNED_FOR_IPHONE_IPAD = NO;
				SUPPORTS_XR_DESIGNED_FOR_IPHONE_IPAD = NO;
				SWIFT_EMIT_LOC_STRINGS = NO;
				SWIFT_VERSION = 5.0;
				TARGETED_DEVICE_FAMILY = 1;
				TEST_HOST = "$(BUILT_PRODUCTS_DIR)/UIKit_Playground.app/$(BUNDLE_EXECUTABLE_FOLDER_PATH)/UIKit_Playground";
			};
			name = Release;
		};
/* End XCBuildConfiguration section */

/* Begin XCConfigurationList section */
		4011E8B92A4D9B6F003F06BF /* Build configuration list for PBXProject "UIKit_Playground" */ = {
			isa = XCConfigurationList;
			buildConfigurations = (
				4011E8D02A4D9B70003F06BF /* Debug */,
				4011E8D12A4D9B70003F06BF /* Release */,
			);
			defaultConfigurationIsVisible = 0;
			defaultConfigurationName = Release;
		};
		4011E8D22A4D9B70003F06BF /* Build configuration list for PBXNativeTarget "UIKit_Playground" */ = {
			isa = XCConfigurationList;
			buildConfigurations = (
				4011E8D32A4D9B70003F06BF /* Debug */,
				4011E8D42A4D9B70003F06BF /* Release */,
			);
			defaultConfigurationIsVisible = 0;
			defaultConfigurationName = Release;
		};
		40BA84122C1D098A00F52408 /* Build configuration list for PBXNativeTarget "UIKit_PlaygroundTests" */ = {
			isa = XCConfigurationList;
			buildConfigurations = (
				40BA84102C1D098A00F52408 /* Debug */,
				40BA84112C1D098A00F52408 /* Release */,
			);
			defaultConfigurationIsVisible = 0;
			defaultConfigurationName = Release;
		};
/* End XCConfigurationList section */

/* Begin XCRemoteSwiftPackageReference section */
		1E83D5D12C8AD05E00D2AC3C /* XCRemoteSwiftPackageReference "RxSwift" */ = {
			isa = XCRemoteSwiftPackageReference;
			repositoryURL = "https://github.com/ReactiveX/RxSwift";
			requirement = {
				kind = upToNextMajorVersion;
				minimumVersion = 6.7.1;
			};
		};
		1E83D5D22C8AD07C00D2AC3C /* XCRemoteSwiftPackageReference "SwiftGen" */ = {
			isa = XCRemoteSwiftPackageReference;
			repositoryURL = "https://github.com/SwiftGen/SwiftGen";
			requirement = {
				kind = upToNextMajorVersion;
				minimumVersion = 6.6.3;
			};
		};
		1E83D5D32C8AD08900D2AC3C /* XCRemoteSwiftPackageReference "Action" */ = {
			isa = XCRemoteSwiftPackageReference;
			repositoryURL = "https://github.com/RxSwiftCommunity/Action";
			requirement = {
				kind = upToNextMajorVersion;
				minimumVersion = 5.0.0;
			};
		};
		1EA9139A2D2B63AD00863507 /* XCRemoteSwiftPackageReference "firebase-ios-sdk" */ = {
			isa = XCRemoteSwiftPackageReference;
			repositoryURL = "https://github.com/firebase/firebase-ios-sdk";
			requirement = {
				kind = upToNextMajorVersion;
				minimumVersion = 11.6.0;
			};
		};
		1EE5E4E02C8AD93200422E13 /* XCRemoteSwiftPackageReference "SwiftFormat" */ = {
			isa = XCRemoteSwiftPackageReference;
			repositoryURL = "https://github.com/nicklockwood/SwiftFormat";
			requirement = {
				kind = upToNextMajorVersion;
				minimumVersion = 0.54.3;
			};
		};
		400EE06C2D0D9F1E0005E586 /* XCRemoteSwiftPackageReference "RxDataSources" */ = {
			isa = XCRemoteSwiftPackageReference;
			repositoryURL = "https://github.com/RxSwiftCommunity/RxDataSources";
			requirement = {
				kind = upToNextMajorVersion;
				minimumVersion = 5.0.2;
			};
		};
		408B993C2E65B12E00D63223 /* XCRemoteSwiftPackageReference "StringStylizer" */ = {
			isa = XCRemoteSwiftPackageReference;
			repositoryURL = "https://github.com/kazuhiro4949/StringStylizer";
			requirement = {
				kind = upToNextMajorVersion;
				minimumVersion = 5.3.0;
			};
		};
		40A481072D0130040015C565 /* XCRemoteSwiftPackageReference "PINRemoteImage" */ = {
			isa = XCRemoteSwiftPackageReference;
			repositoryURL = "https://github.com/pinterest/PINRemoteImage";
			requirement = {
				kind = upToNextMajorVersion;
				minimumVersion = 3.0.4;
			};
		};
/* End XCRemoteSwiftPackageReference section */

/* Begin XCSwiftPackageProductDependency section */
		1E83D5D42C8AD14300D2AC3C /* Action */ = {
			isa = XCSwiftPackageProductDependency;
			package = 1E83D5D32C8AD08900D2AC3C /* XCRemoteSwiftPackageReference "Action" */;
			productName = Action;
		};
		1E83D5D62C8AD15600D2AC3C /* RxBlocking */ = {
			isa = XCSwiftPackageProductDependency;
			productName = RxBlocking;
		};
		1E83D5DA2C8AD15600D2AC3C /* RxCocoa */ = {
			isa = XCSwiftPackageProductDependency;
			productName = RxCocoa;
		};
		1E83D5DE2C8AD15600D2AC3C /* RxRelay */ = {
			isa = XCSwiftPackageProductDependency;
			productName = RxRelay;
		};
		1EA9139B2D2B63AD00863507 /* FirebaseAnalytics */ = {
			isa = XCSwiftPackageProductDependency;
			package = 1EA9139A2D2B63AD00863507 /* XCRemoteSwiftPackageReference "firebase-ios-sdk" */;
			productName = FirebaseAnalytics;
		};
		1EA9139D2D2B63AD00863507 /* FirebaseAnalyticsOnDeviceConversion */ = {
			isa = XCSwiftPackageProductDependency;
			package = 1EA9139A2D2B63AD00863507 /* XCRemoteSwiftPackageReference "firebase-ios-sdk" */;
			productName = FirebaseAnalyticsOnDeviceConversion;
		};
		1EA9139F2D2B63AD00863507 /* FirebaseAnalyticsWithoutAdIdSupport */ = {
			isa = XCSwiftPackageProductDependency;
			package = 1EA9139A2D2B63AD00863507 /* XCRemoteSwiftPackageReference "firebase-ios-sdk" */;
			productName = FirebaseAnalyticsWithoutAdIdSupport;
		};
		1EA913A12D2B63AD00863507 /* FirebaseAppCheck */ = {
			isa = XCSwiftPackageProductDependency;
			package = 1EA9139A2D2B63AD00863507 /* XCRemoteSwiftPackageReference "firebase-ios-sdk" */;
			productName = FirebaseAppCheck;
		};
		1EA913A32D2B63AD00863507 /* FirebaseAppDistribution-Beta */ = {
			isa = XCSwiftPackageProductDependency;
			package = 1EA9139A2D2B63AD00863507 /* XCRemoteSwiftPackageReference "firebase-ios-sdk" */;
			productName = "FirebaseAppDistribution-Beta";
		};
		1EBB91042D2B6475006BB918 /* FirebaseInAppMessaging-Beta */ = {
			isa = XCSwiftPackageProductDependency;
			package = 1EA9139A2D2B63AD00863507 /* XCRemoteSwiftPackageReference "firebase-ios-sdk" */;
			productName = "FirebaseInAppMessaging-Beta";
		};
		1EBB91252D2B7B27006BB918 /* FirebaseAuth */ = {
			isa = XCSwiftPackageProductDependency;
			package = 1EA9139A2D2B63AD00863507 /* XCRemoteSwiftPackageReference "firebase-ios-sdk" */;
			productName = FirebaseAuth;
		};
		1EBB91272D2B7B27006BB918 /* FirebaseCrashlytics */ = {
			isa = XCSwiftPackageProductDependency;
			package = 1EA9139A2D2B63AD00863507 /* XCRemoteSwiftPackageReference "firebase-ios-sdk" */;
			productName = FirebaseCrashlytics;
		};
		1EBB91292D2B7B27006BB918 /* FirebaseDatabase */ = {
			isa = XCSwiftPackageProductDependency;
			package = 1EA9139A2D2B63AD00863507 /* XCRemoteSwiftPackageReference "firebase-ios-sdk" */;
			productName = FirebaseDatabase;
		};
		1EBB912B2D2B7B27006BB918 /* FirebaseFirestore */ = {
			isa = XCSwiftPackageProductDependency;
			package = 1EA9139A2D2B63AD00863507 /* XCRemoteSwiftPackageReference "firebase-ios-sdk" */;
			productName = FirebaseFirestore;
		};
		1EBB912D2D2B7B27006BB918 /* FirebaseInstallations */ = {
			isa = XCSwiftPackageProductDependency;
			package = 1EA9139A2D2B63AD00863507 /* XCRemoteSwiftPackageReference "firebase-ios-sdk" */;
			productName = FirebaseInstallations;
		};
		1EBB912F2D2B7B27006BB918 /* FirebaseMessaging */ = {
			isa = XCSwiftPackageProductDependency;
			package = 1EA9139A2D2B63AD00863507 /* XCRemoteSwiftPackageReference "firebase-ios-sdk" */;
			productName = FirebaseMessaging;
		};
		1EBB91312D2B7B27006BB918 /* FirebaseRemoteConfig */ = {
			isa = XCSwiftPackageProductDependency;
			package = 1EA9139A2D2B63AD00863507 /* XCRemoteSwiftPackageReference "firebase-ios-sdk" */;
			productName = FirebaseRemoteConfig;
		};
		1EBB91332D2B7B27006BB918 /* FirebaseStorage */ = {
			isa = XCSwiftPackageProductDependency;
			package = 1EA9139A2D2B63AD00863507 /* XCRemoteSwiftPackageReference "firebase-ios-sdk" */;
			productName = FirebaseStorage;
		};
		1EE5E4E12C8AD93200422E13 /* SwiftFormat */ = {
			isa = XCSwiftPackageProductDependency;
			package = 1EE5E4E02C8AD93200422E13 /* XCRemoteSwiftPackageReference "SwiftFormat" */;
			productName = SwiftFormat;
		};
		400EE06D2D0D9F1E0005E586 /* RxDataSources */ = {
			isa = XCSwiftPackageProductDependency;
			package = 400EE06C2D0D9F1E0005E586 /* XCRemoteSwiftPackageReference "RxDataSources" */;
			productName = RxDataSources;
		};
		408B993D2E65B12E00D63223 /* StringStylizer */ = {
			isa = XCSwiftPackageProductDependency;
			package = 408B993C2E65B12E00D63223 /* XCRemoteSwiftPackageReference "StringStylizer" */;
			productName = StringStylizer;
		};
		40A481082D0130040015C565 /* PINRemoteImage */ = {
			isa = XCSwiftPackageProductDependency;
			package = 40A481072D0130040015C565 /* XCRemoteSwiftPackageReference "PINRemoteImage" */;
			productName = PINRemoteImage;
		};
/* End XCSwiftPackageProductDependency section */
	};
	rootObject = 4011E8B62A4D9B6F003F06BF /* Project object */;
}
